PODS:
  - Masonry (1.1.0)
  - SnapKit (4.2.0)

DEPENDENCIES:
  - Masonry
  - SnapKit

SPEC REPOS:
  https://github.com/cocoapods/specs.git:
    - Masonry
    - SnapKit

SPEC CHECKSUMS:
  Masonry: 678fab65091a9290e40e2832a55e7ab731aad201
  SnapKit: fe8a619752f3f27075cc9a90244d75c6c3f27e2a

PODFILE CHECKSUM: 4704d6ed691dded66d2028a09c641626998ad842

COCOAPODS: 1.5.3
