// !$*UTF8*$!
{
	archiveVersion = 1;
	classes = {
	};
	objectVersion = 50;
	objects = {

/* Begin PBXBuildFile section */
		2EEDBD62F2036376DF2E0DE0 /* libPods-DDPlayerProject.a in Frameworks */ = {isa = PBXBuildFile; fileRef = D5C8FC439C810D419B5FF428 /* libPods-DDPlayerProject.a */; };
		A44E587EF3596EADA61B5E9A /* libPods-DDPlayerProjectUITests.a in Frameworks */ = {isa = PBXBuildFile; fileRef = B8FD5353F2C86624CC2E8724 /* libPods-DDPlayerProjectUITests.a */; };
		B076360561E3700318AE489B /* libPods-DDPlayerProjectTests.a in Frameworks */ = {isa = PBXBuildFile; fileRef = A6D75E5B168621045C77DA34 /* libPods-DDPlayerProjectTests.a */; };
		E316C4FE219D68CF0098194A /* DDPlayerView+ShowSubView.m in Sources */ = {isa = PBXBuildFile; fileRef = E316C4FD219D68CF0098194A /* DDPlayerView+ShowSubView.m */; };
		E316C501219D69BD0098194A /* DDPlayerView+Private.m in Sources */ = {isa = PBXBuildFile; fileRef = E316C500219D69BD0098194A /* DDPlayerView+Private.m */; };
		E316C504219D6F250098194A /* DDPlayerContentView.m in Sources */ = {isa = PBXBuildFile; fileRef = E316C503219D6F250098194A /* DDPlayerContentView.m */; };
		E35817AB219BB9D000BD3282 /* DDPlayerDragProgressBaseView.m in Sources */ = {isa = PBXBuildFile; fileRef = E35817AA219BB9D000BD3282 /* DDPlayerDragProgressBaseView.m */; };
		E35817AE219BB9E400BD3282 /* DDPlayerDragProgressPortraitView.m in Sources */ = {isa = PBXBuildFile; fileRef = E35817AD219BB9E400BD3282 /* DDPlayerDragProgressPortraitView.m */; };
		E35817B1219BBA0900BD3282 /* DDPlayerDragProgressLandscapeView.m in Sources */ = {isa = PBXBuildFile; fileRef = E35817B0219BBA0900BD3282 /* DDPlayerDragProgressLandscapeView.m */; };
		E35817B7219C061800BD3282 /* test.mp4 in Resources */ = {isa = PBXBuildFile; fileRef = E35817B6219C061800BD3282 /* test.mp4 */; };
		E35817BB219C194100BD3282 /* DDCaptureImageShareSmallView.m in Sources */ = {isa = PBXBuildFile; fileRef = E35817BA219C194100BD3282 /* DDCaptureImageShareSmallView.m */; };
		E35817BE219C1AA900BD3282 /* DDPlayer_Btn_CaptureShare@2x.png in Resources */ = {isa = PBXBuildFile; fileRef = E35817BC219C1AA900BD3282 /* DDPlayer_Btn_CaptureShare@2x.png */; };
		E35817BF219C1AA900BD3282 /* DDPlayer_Btn_CaptureShare@3x.png in Resources */ = {isa = PBXBuildFile; fileRef = E35817BD219C1AA900BD3282 /* DDPlayer_Btn_CaptureShare@3x.png */; };
		E36F3B0221A24EB800DE5F38 /* DDPlayerClarityChoiceView.m in Sources */ = {isa = PBXBuildFile; fileRef = E36F3B0121A24EB800DE5F38 /* DDPlayerClarityChoiceView.m */; };
		E36F3BCA21A293E600DE5F38 /* DDPlayer_Btn_Next@2x.png in Resources */ = {isa = PBXBuildFile; fileRef = E36F3BC821A293E500DE5F38 /* DDPlayer_Btn_Next@2x.png */; };
		E36F3BCB21A293E600DE5F38 /* DDPlayer_Btn_Next@3x.png in Resources */ = {isa = PBXBuildFile; fileRef = E36F3BC921A293E500DE5F38 /* DDPlayer_Btn_Next@3x.png */; };
		E36F3BCE21A296C900DE5F38 /* DDPlayer_Btn_LandSBottPlay@3x.png in Resources */ = {isa = PBXBuildFile; fileRef = E36F3BCC21A296C800DE5F38 /* DDPlayer_Btn_LandSBottPlay@3x.png */; };
		E36F3BCF21A296C900DE5F38 /* DDPlayer_Btn_LandSBottPlay@2x.png in Resources */ = {isa = PBXBuildFile; fileRef = E36F3BCD21A296C800DE5F38 /* DDPlayer_Btn_LandSBottPlay@2x.png */; };
		E36F3BD221A2971600DE5F38 /* DDPlayer_Btn_LandSBottPause@3x.png in Resources */ = {isa = PBXBuildFile; fileRef = E36F3BD021A2971600DE5F38 /* DDPlayer_Btn_LandSBottPause@3x.png */; };
		E36F3BD321A2971600DE5F38 /* DDPlayer_Btn_LandSBottPause@2x.png in Resources */ = {isa = PBXBuildFile; fileRef = E36F3BD121A2971600DE5F38 /* DDPlayer_Btn_LandSBottPause@2x.png */; };
		E36F3BE321A2AF5600DE5F38 /* DDPlayer_Btn_LandShare@3x.png in Resources */ = {isa = PBXBuildFile; fileRef = E36F3BE121A2AF5600DE5F38 /* DDPlayer_Btn_LandShare@3x.png */; };
		E36F3BE421A2AF5600DE5F38 /* DDPlayer_Btn_LandShare@2x.png in Resources */ = {isa = PBXBuildFile; fileRef = E36F3BE221A2AF5600DE5F38 /* DDPlayer_Btn_LandShare@2x.png */; };
		E36F3BE821A2C88300DE5F38 /* DDPlayerClarityPromptLabel.m in Sources */ = {isa = PBXBuildFile; fileRef = E36F3BE721A2C88300DE5F38 /* DDPlayerClarityPromptLabel.m */; };
		E36F931421A3E3D70097A094 /* DDTryWatchFinishView.m in Sources */ = {isa = PBXBuildFile; fileRef = E36F931321A3E3D70097A094 /* DDTryWatchFinishView.m */; };
		E38A46482199120A00944AC9 /* DDBrightView.m in Sources */ = {isa = PBXBuildFile; fileRef = E38A46472199120A00944AC9 /* DDBrightView.m */; };
		E38A464B2199129300944AC9 /* DDPlayer_Img_Bright@2x.png in Resources */ = {isa = PBXBuildFile; fileRef = E38A46492199129300944AC9 /* DDPlayer_Img_Bright@2x.png */; };
		E38A464C2199129300944AC9 /* DDPlayer_Img_Bright@3x.png in Resources */ = {isa = PBXBuildFile; fileRef = E38A464A2199129300944AC9 /* DDPlayer_Img_Bright@3x.png */; };
		E38A464F219913B400944AC9 /* DDPlayer_Bg_Bright@2x.png in Resources */ = {isa = PBXBuildFile; fileRef = E38A464D219913B400944AC9 /* DDPlayer_Bg_Bright@2x.png */; };
		E38A4650219913B400944AC9 /* DDPlayer_Bg_Bright@3x.png in Resources */ = {isa = PBXBuildFile; fileRef = E38A464E219913B400944AC9 /* DDPlayer_Bg_Bright@3x.png */; };
		E3AB58FC2195596200CAEF38 /* AppDelegate.m in Sources */ = {isa = PBXBuildFile; fileRef = E3AB58FB2195596200CAEF38 /* AppDelegate.m */; };
		E3AB59042195596400CAEF38 /* Assets.xcassets in Resources */ = {isa = PBXBuildFile; fileRef = E3AB59032195596400CAEF38 /* Assets.xcassets */; };
		E3AB59072195596400CAEF38 /* LaunchScreen.storyboard in Resources */ = {isa = PBXBuildFile; fileRef = E3AB59052195596400CAEF38 /* LaunchScreen.storyboard */; };
		E3AB590A2195596400CAEF38 /* main.m in Sources */ = {isa = PBXBuildFile; fileRef = E3AB59092195596400CAEF38 /* main.m */; };
		E3AB59142195596400CAEF38 /* DDPlayerProjectTests.m in Sources */ = {isa = PBXBuildFile; fileRef = E3AB59132195596400CAEF38 /* DDPlayerProjectTests.m */; };
		E3AB591F2195596400CAEF38 /* DDPlayerProjectUITests.m in Sources */ = {isa = PBXBuildFile; fileRef = E3AB591E2195596400CAEF38 /* DDPlayerProjectUITests.m */; };
		E3AB5933219559FF00CAEF38 /* DDPlayer.m in Sources */ = {isa = PBXBuildFile; fileRef = E3AB5932219559FF00CAEF38 /* DDPlayer.m */; };
		E3AB593721955A8900CAEF38 /* DDTabBarController.m in Sources */ = {isa = PBXBuildFile; fileRef = E3AB593621955A8900CAEF38 /* DDTabBarController.m */; };
		E3AB593B21955AA100CAEF38 /* DDNavigationController.m in Sources */ = {isa = PBXBuildFile; fileRef = E3AB593A21955AA100CAEF38 /* DDNavigationController.m */; };
		E3AB593E21955AC100CAEF38 /* DDBaseViewController.m in Sources */ = {isa = PBXBuildFile; fileRef = E3AB593D21955AC100CAEF38 /* DDBaseViewController.m */; };
		E3AB594121955AD400CAEF38 /* DDVideoViewController.m in Sources */ = {isa = PBXBuildFile; fileRef = E3AB594021955AD400CAEF38 /* DDVideoViewController.m */; };
		E3AB594921955C8E00CAEF38 /* DDPlayerView.m in Sources */ = {isa = PBXBuildFile; fileRef = E3AB594721955C8D00CAEF38 /* DDPlayerView.m */; };
		E3AB594C21955CB900CAEF38 /* DDPlayerLineModel.m in Sources */ = {isa = PBXBuildFile; fileRef = E3AB594B21955CB900CAEF38 /* DDPlayerLineModel.m */; };
		E3AB595021955D3900CAEF38 /* DDPlayerTool.m in Sources */ = {isa = PBXBuildFile; fileRef = E3AB594F21955D3900CAEF38 /* DDPlayerTool.m */; };
		E3AB595D21955DA100CAEF38 /* DDPlayerControlBottomBaseView.m in Sources */ = {isa = PBXBuildFile; fileRef = E3AB595121955DA100CAEF38 /* DDPlayerControlBottomBaseView.m */; };
		E3AB595E21955DA100CAEF38 /* DDPlayerControlView.m in Sources */ = {isa = PBXBuildFile; fileRef = E3AB595321955DA100CAEF38 /* DDPlayerControlView.m */; };
		E3AB595F21955DA100CAEF38 /* DDPlayerControlTopView.m in Sources */ = {isa = PBXBuildFile; fileRef = E3AB595421955DA100CAEF38 /* DDPlayerControlTopView.m */; };
		E3AB596021955DA100CAEF38 /* DDPlayerComponentBaseView.m in Sources */ = {isa = PBXBuildFile; fileRef = E3AB595721955DA100CAEF38 /* DDPlayerComponentBaseView.m */; };
		E3AB596121955DA100CAEF38 /* DDPlayerControlBottomPortraitView.m in Sources */ = {isa = PBXBuildFile; fileRef = E3AB595921955DA100CAEF38 /* DDPlayerControlBottomPortraitView.m */; };
		E3AB596221955DA100CAEF38 /* DDPlayerControlBottomLandscapeView.m in Sources */ = {isa = PBXBuildFile; fileRef = E3AB595A21955DA100CAEF38 /* DDPlayerControlBottomLandscapeView.m */; };
		E3AB596621955DF000CAEF38 /* DDVideoNormalViewController.m in Sources */ = {isa = PBXBuildFile; fileRef = E3AB596521955DF000CAEF38 /* DDVideoNormalViewController.m */; };
		E3AB598121955F3300CAEF38 /* DDPlayer_Btn_Capture@3x.png in Resources */ = {isa = PBXBuildFile; fileRef = E3AB596721955F3100CAEF38 /* DDPlayer_Btn_Capture@3x.png */; };
		E3AB598221955F3300CAEF38 /* DDPlayer_Btn_BottomPortraitPlay@2x.png in Resources */ = {isa = PBXBuildFile; fileRef = E3AB596821955F3100CAEF38 /* DDPlayer_Btn_BottomPortraitPlay@2x.png */; };
		E3AB598321955F3300CAEF38 /* DDPlayer_Icon_ProgressThumb_sel@2x.png in Resources */ = {isa = PBXBuildFile; fileRef = E3AB596921955F3100CAEF38 /* DDPlayer_Icon_ProgressThumb_sel@2x.png */; };
		E3AB598421955F3300CAEF38 /* DDPlayer_Btn_Back@2x.png in Resources */ = {isa = PBXBuildFile; fileRef = E3AB596A21955F3100CAEF38 /* DDPlayer_Btn_Back@2x.png */; };
		E3AB598521955F3300CAEF38 /* DDPlayer_Btn_CenterPause@3x.png in Resources */ = {isa = PBXBuildFile; fileRef = E3AB596B21955F3100CAEF38 /* DDPlayer_Btn_CenterPause@3x.png */; };
		E3AB598621955F3300CAEF38 /* DDPlayer_Btn_BottomPortraitPause@3x.png in Resources */ = {isa = PBXBuildFile; fileRef = E3AB596C21955F3100CAEF38 /* DDPlayer_Btn_BottomPortraitPause@3x.png */; };
		E3AB598721955F3300CAEF38 /* DDPlayer_Btn_Forward@2x.png in Resources */ = {isa = PBXBuildFile; fileRef = E3AB596D21955F3200CAEF38 /* DDPlayer_Btn_Forward@2x.png */; };
		E3AB598821955F3300CAEF38 /* DDPlayer_Btn_ForceOrientatedLandscape@3x.png in Resources */ = {isa = PBXBuildFile; fileRef = E3AB596E21955F3200CAEF38 /* DDPlayer_Btn_ForceOrientatedLandscape@3x.png */; };
		E3AB598921955F3300CAEF38 /* DDPlayer_Btn_Capture@2x.png in Resources */ = {isa = PBXBuildFile; fileRef = E3AB596F21955F3200CAEF38 /* DDPlayer_Btn_Capture@2x.png */; };
		E3AB598A21955F3300CAEF38 /* DDPlayer_Btn_Lock@2x.png in Resources */ = {isa = PBXBuildFile; fileRef = E3AB597021955F3200CAEF38 /* DDPlayer_Btn_Lock@2x.png */; };
		E3AB598B21955F3300CAEF38 /* DDPlayer_Btn_BottomPortraitPlay@3x.png in Resources */ = {isa = PBXBuildFile; fileRef = E3AB597121955F3200CAEF38 /* DDPlayer_Btn_BottomPortraitPlay@3x.png */; };
		E3AB598C21955F3300CAEF38 /* DDPlayer_Bg_MaskBottom@3x.png in Resources */ = {isa = PBXBuildFile; fileRef = E3AB597221955F3200CAEF38 /* DDPlayer_Bg_MaskBottom@3x.png */; };
		E3AB598D21955F3300CAEF38 /* DDPlayer_Bg_MaskTop@2x.png in Resources */ = {isa = PBXBuildFile; fileRef = E3AB597321955F3200CAEF38 /* DDPlayer_Bg_MaskTop@2x.png */; };
		E3AB598E21955F3300CAEF38 /* DDPlayer_Btn_BottomPortraitPause@2x.png in Resources */ = {isa = PBXBuildFile; fileRef = E3AB597421955F3200CAEF38 /* DDPlayer_Btn_BottomPortraitPause@2x.png */; };
		E3AB598F21955F3300CAEF38 /* DDPlayer_Btn_ForceOrientatedLandscape@2x.png in Resources */ = {isa = PBXBuildFile; fileRef = E3AB597521955F3200CAEF38 /* DDPlayer_Btn_ForceOrientatedLandscape@2x.png */; };
		E3AB599021955F3300CAEF38 /* DDPlayer_Btn_Lock@3x.png in Resources */ = {isa = PBXBuildFile; fileRef = E3AB597621955F3200CAEF38 /* DDPlayer_Btn_Lock@3x.png */; };
		E3AB599121955F3300CAEF38 /* DDPlayer_Bg_MaskBottom@2x.png in Resources */ = {isa = PBXBuildFile; fileRef = E3AB597721955F3200CAEF38 /* DDPlayer_Bg_MaskBottom@2x.png */; };
		E3AB599221955F3300CAEF38 /* DDPlayer_Btn_Forward@3x.png in Resources */ = {isa = PBXBuildFile; fileRef = E3AB597821955F3200CAEF38 /* DDPlayer_Btn_Forward@3x.png */; };
		E3AB599321955F3300CAEF38 /* DDPlayer_Bg_MaskTop@3x.png in Resources */ = {isa = PBXBuildFile; fileRef = E3AB597921955F3200CAEF38 /* DDPlayer_Bg_MaskTop@3x.png */; };
		E3AB599421955F3300CAEF38 /* DDPlayer_Btn_CenterPlay@3x.png in Resources */ = {isa = PBXBuildFile; fileRef = E3AB597A21955F3200CAEF38 /* DDPlayer_Btn_CenterPlay@3x.png */; };
		E3AB599521955F3300CAEF38 /* DDPlayer_Btn_CenterPlay@2x.png in Resources */ = {isa = PBXBuildFile; fileRef = E3AB597B21955F3200CAEF38 /* DDPlayer_Btn_CenterPlay@2x.png */; };
		E3AB599621955F3300CAEF38 /* DDPlayer_Icon_ProgressThumb_sel@3x.png in Resources */ = {isa = PBXBuildFile; fileRef = E3AB597C21955F3200CAEF38 /* DDPlayer_Icon_ProgressThumb_sel@3x.png */; };
		E3AB599721955F3300CAEF38 /* DDPlayer_Btn_Back@3x.png in Resources */ = {isa = PBXBuildFile; fileRef = E3AB597D21955F3200CAEF38 /* DDPlayer_Btn_Back@3x.png */; };
		E3AB599821955F3300CAEF38 /* DDPlayer_Btn_CenterPause@2x.png in Resources */ = {isa = PBXBuildFile; fileRef = E3AB597E21955F3200CAEF38 /* DDPlayer_Btn_CenterPause@2x.png */; };
		E3AB599921955F3300CAEF38 /* DDPlayer_Icon_ProgressThumb@3x.png in Resources */ = {isa = PBXBuildFile; fileRef = E3AB597F21955F3300CAEF38 /* DDPlayer_Icon_ProgressThumb@3x.png */; };
		E3AB599A21955F3300CAEF38 /* DDPlayer_Icon_ProgressThumb@2x.png in Resources */ = {isa = PBXBuildFile; fileRef = E3AB598021955F3300CAEF38 /* DDPlayer_Icon_ProgressThumb@2x.png */; };
		E3AB599D2195731D00CAEF38 /* DDPlayerManager.m in Sources */ = {isa = PBXBuildFile; fileRef = E3AB599C2195731D00CAEF38 /* DDPlayerManager.m */; };
		E3AB59A221957A3700CAEF38 /* DDPlayerCoverView.m in Sources */ = {isa = PBXBuildFile; fileRef = E3AB59A121957A3700CAEF38 /* DDPlayerCoverView.m */; };
		E3B5D8B9219A95F900F9FC1D /* DDPlayer_Btn_Unlock@2x.png in Resources */ = {isa = PBXBuildFile; fileRef = E3B5D8B7219A95F900F9FC1D /* DDPlayer_Btn_Unlock@2x.png */; };
		E3B5D8BA219A95F900F9FC1D /* DDPlayer_Btn_Unlock@3x.png in Resources */ = {isa = PBXBuildFile; fileRef = E3B5D8B8219A95F900F9FC1D /* DDPlayer_Btn_Unlock@3x.png */; };
		E3B5D8BF219AAF1C00F9FC1D /* DDPlayer_Btn_captureImage@2x.png in Resources */ = {isa = PBXBuildFile; fileRef = E3B5D8BB219AAF1C00F9FC1D /* DDPlayer_Btn_captureImage@2x.png */; };
		E3B5D8C0219AAF1C00F9FC1D /* DDPlayer_Btn_captureImage@3x.png in Resources */ = {isa = PBXBuildFile; fileRef = E3B5D8BC219AAF1C00F9FC1D /* DDPlayer_Btn_captureImage@3x.png */; };
		E3B5D8C1219AAF1C00F9FC1D /* DDPlayer_Btn_captureVideo@3x.png in Resources */ = {isa = PBXBuildFile; fileRef = E3B5D8BD219AAF1C00F9FC1D /* DDPlayer_Btn_captureVideo@3x.png */; };
		E3B5D8C2219AAF1C00F9FC1D /* DDPlayer_Btn_captureVideo@2x.png in Resources */ = {isa = PBXBuildFile; fileRef = E3B5D8BE219AAF1C00F9FC1D /* DDPlayer_Btn_captureVideo@2x.png */; };
		E3B5D8C4219AB75D00F9FC1D /* DDPlayer_Gif_Loading@2x.gif in Resources */ = {isa = PBXBuildFile; fileRef = E3B5D8C3219AB75D00F9FC1D /* DDPlayer_Gif_Loading@2x.gif */; };
		E3B5D962219AC90000F9FC1D /* DDPlayerContainerView.m in Sources */ = {isa = PBXBuildFile; fileRef = E3B5D961219AC90000F9FC1D /* DDPlayerContainerView.m */; };
		E3BCD014219E5A1A00455201 /* DDKVOManager.m in Sources */ = {isa = PBXBuildFile; fileRef = E3BCD013219E5A1A00455201 /* DDKVOManager.m */; };
		E3DE4C06219D04DA0073C733 /* DDCaptureImageShareView.m in Sources */ = {isa = PBXBuildFile; fileRef = E3DE4C05219D04DA0073C733 /* DDCaptureImageShareView.m */; };
		E3DE4C0D219D1F490073C733 /* DDNetworkWWANWarnView.m in Sources */ = {isa = PBXBuildFile; fileRef = E3DE4C0C219D1F490073C733 /* DDNetworkWWANWarnView.m */; };
		E3DE4C10219D21620073C733 /* DDPlayer_Btn_flowAlert@2x.png in Resources */ = {isa = PBXBuildFile; fileRef = E3DE4C0E219D21620073C733 /* DDPlayer_Btn_flowAlert@2x.png */; };
		E3DE4C11219D21620073C733 /* DDPlayer_Btn_flowAlert@3x.png in Resources */ = {isa = PBXBuildFile; fileRef = E3DE4C0F219D21620073C733 /* DDPlayer_Btn_flowAlert@3x.png */; };
		E3DE4C14219D2C260073C733 /* DDPlayer_Icon_coverPlay@2x.png in Resources */ = {isa = PBXBuildFile; fileRef = E3DE4C12219D2C260073C733 /* DDPlayer_Icon_coverPlay@2x.png */; };
		E3DE4C15219D2C260073C733 /* DDPlayer_Icon_coverPlay@3x.png in Resources */ = {isa = PBXBuildFile; fileRef = E3DE4C13219D2C260073C733 /* DDPlayer_Icon_coverPlay@3x.png */; };
		E3DE4C18219D5B180073C733 /* DDNetworkErrorView.m in Sources */ = {isa = PBXBuildFile; fileRef = E3DE4C17219D5B180073C733 /* DDNetworkErrorView.m */; };
		E3DE4C1B219D5BC40073C733 /* DDPlayer_Img_NetFailIcon@3x.png in Resources */ = {isa = PBXBuildFile; fileRef = E3DE4C19219D5BC40073C733 /* DDPlayer_Img_NetFailIcon@3x.png */; };
		E3DE4C1C219D5BC40073C733 /* DDPlayer_Img_NetFailIcon@2x.png in Resources */ = {isa = PBXBuildFile; fileRef = E3DE4C1A219D5BC40073C733 /* DDPlayer_Img_NetFailIcon@2x.png */; };
		E3DE4C1F219D5E7C0073C733 /* DDPlayer_Btn_Retry@2x.png in Resources */ = {isa = PBXBuildFile; fileRef = E3DE4C1D219D5E7C0073C733 /* DDPlayer_Btn_Retry@2x.png */; };
		E3DE4C20219D5E7C0073C733 /* DDPlayer_Btn_Retry@3x.png in Resources */ = {isa = PBXBuildFile; fileRef = E3DE4C1E219D5E7C0073C733 /* DDPlayer_Btn_Retry@3x.png */; };
/* End PBXBuildFile section */

/* Begin PBXContainerItemProxy section */
		E3AB59102195596400CAEF38 /* PBXContainerItemProxy */ = {
			isa = PBXContainerItemProxy;
			containerPortal = E3AB58EF2195596200CAEF38 /* Project object */;
			proxyType = 1;
			remoteGlobalIDString = E3AB58F62195596200CAEF38;
			remoteInfo = DDPlayerProject;
		};
		E3AB591B2195596400CAEF38 /* PBXContainerItemProxy */ = {
			isa = PBXContainerItemProxy;
			containerPortal = E3AB58EF2195596200CAEF38 /* Project object */;
			proxyType = 1;
			remoteGlobalIDString = E3AB58F62195596200CAEF38;
			remoteInfo = DDPlayerProject;
		};
/* End PBXContainerItemProxy section */

/* Begin PBXFileReference section */
		000A41C1CC86BEBDC59D1D17 /* Pods-DDPlayerProjectTests.release.xcconfig */ = {isa = PBXFileReference; includeInIndex = 1; lastKnownFileType = text.xcconfig; name = "Pods-DDPlayerProjectTests.release.xcconfig"; path = "Pods/Target Support Files/Pods-DDPlayerProjectTests/Pods-DDPlayerProjectTests.release.xcconfig"; sourceTree = "<group>"; };
		7BF951BC267A60F2A473254E /* Pods-DDPlayerProject.debug.xcconfig */ = {isa = PBXFileReference; includeInIndex = 1; lastKnownFileType = text.xcconfig; name = "Pods-DDPlayerProject.debug.xcconfig"; path = "Pods/Target Support Files/Pods-DDPlayerProject/Pods-DDPlayerProject.debug.xcconfig"; sourceTree = "<group>"; };
		82D475FF0ECE600EFE14621A /* Pods-DDPlayerProjectUITests.release.xcconfig */ = {isa = PBXFileReference; includeInIndex = 1; lastKnownFileType = text.xcconfig; name = "Pods-DDPlayerProjectUITests.release.xcconfig"; path = "Pods/Target Support Files/Pods-DDPlayerProjectUITests/Pods-DDPlayerProjectUITests.release.xcconfig"; sourceTree = "<group>"; };
		848DBCAE4367F9EC0A98D045 /* Pods-DDPlayerProject.release.xcconfig */ = {isa = PBXFileReference; includeInIndex = 1; lastKnownFileType = text.xcconfig; name = "Pods-DDPlayerProject.release.xcconfig"; path = "Pods/Target Support Files/Pods-DDPlayerProject/Pods-DDPlayerProject.release.xcconfig"; sourceTree = "<group>"; };
		A6D75E5B168621045C77DA34 /* libPods-DDPlayerProjectTests.a */ = {isa = PBXFileReference; explicitFileType = archive.ar; includeInIndex = 0; path = "libPods-DDPlayerProjectTests.a"; sourceTree = BUILT_PRODUCTS_DIR; };
		B138672EA12CC87AE428959E /* Pods-DDPlayerProjectUITests.debug.xcconfig */ = {isa = PBXFileReference; includeInIndex = 1; lastKnownFileType = text.xcconfig; name = "Pods-DDPlayerProjectUITests.debug.xcconfig"; path = "Pods/Target Support Files/Pods-DDPlayerProjectUITests/Pods-DDPlayerProjectUITests.debug.xcconfig"; sourceTree = "<group>"; };
		B8FD5353F2C86624CC2E8724 /* libPods-DDPlayerProjectUITests.a */ = {isa = PBXFileReference; explicitFileType = archive.ar; includeInIndex = 0; path = "libPods-DDPlayerProjectUITests.a"; sourceTree = BUILT_PRODUCTS_DIR; };
		D5C8FC439C810D419B5FF428 /* libPods-DDPlayerProject.a */ = {isa = PBXFileReference; explicitFileType = archive.ar; includeInIndex = 0; path = "libPods-DDPlayerProject.a"; sourceTree = BUILT_PRODUCTS_DIR; };
		E316C4FC219D68CF0098194A /* DDPlayerView+ShowSubView.h */ = {isa = PBXFileReference; lastKnownFileType = sourcecode.c.h; path = "DDPlayerView+ShowSubView.h"; sourceTree = "<group>"; };
		E316C4FD219D68CF0098194A /* DDPlayerView+ShowSubView.m */ = {isa = PBXFileReference; lastKnownFileType = sourcecode.c.objc; path = "DDPlayerView+ShowSubView.m"; sourceTree = "<group>"; };
		E316C4FF219D69BD0098194A /* DDPlayerView+Private.h */ = {isa = PBXFileReference; lastKnownFileType = sourcecode.c.h; path = "DDPlayerView+Private.h"; sourceTree = "<group>"; };
		E316C500219D69BD0098194A /* DDPlayerView+Private.m */ = {isa = PBXFileReference; lastKnownFileType = sourcecode.c.objc; path = "DDPlayerView+Private.m"; sourceTree = "<group>"; };
		E316C502219D6F250098194A /* DDPlayerContentView.h */ = {isa = PBXFileReference; lastKnownFileType = sourcecode.c.h; path = DDPlayerContentView.h; sourceTree = "<group>"; };
		E316C503219D6F250098194A /* DDPlayerContentView.m */ = {isa = PBXFileReference; lastKnownFileType = sourcecode.c.objc; path = DDPlayerContentView.m; sourceTree = "<group>"; };
		E35817A9219BB9D000BD3282 /* DDPlayerDragProgressBaseView.h */ = {isa = PBXFileReference; lastKnownFileType = sourcecode.c.h; path = DDPlayerDragProgressBaseView.h; sourceTree = "<group>"; };
		E35817AA219BB9D000BD3282 /* DDPlayerDragProgressBaseView.m */ = {isa = PBXFileReference; lastKnownFileType = sourcecode.c.objc; path = DDPlayerDragProgressBaseView.m; sourceTree = "<group>"; };
		E35817AC219BB9E400BD3282 /* DDPlayerDragProgressPortraitView.h */ = {isa = PBXFileReference; lastKnownFileType = sourcecode.c.h; path = DDPlayerDragProgressPortraitView.h; sourceTree = "<group>"; };
		E35817AD219BB9E400BD3282 /* DDPlayerDragProgressPortraitView.m */ = {isa = PBXFileReference; lastKnownFileType = sourcecode.c.objc; path = DDPlayerDragProgressPortraitView.m; sourceTree = "<group>"; };
		E35817AF219BBA0900BD3282 /* DDPlayerDragProgressLandscapeView.h */ = {isa = PBXFileReference; lastKnownFileType = sourcecode.c.h; path = DDPlayerDragProgressLandscapeView.h; sourceTree = "<group>"; };
		E35817B0219BBA0900BD3282 /* DDPlayerDragProgressLandscapeView.m */ = {isa = PBXFileReference; lastKnownFileType = sourcecode.c.objc; path = DDPlayerDragProgressLandscapeView.m; sourceTree = "<group>"; };
		E35817B6219C061800BD3282 /* test.mp4 */ = {isa = PBXFileReference; lastKnownFileType = file; path = test.mp4; sourceTree = "<group>"; };
		E35817B9219C194100BD3282 /* DDCaptureImageShareSmallView.h */ = {isa = PBXFileReference; lastKnownFileType = sourcecode.c.h; name = DDCaptureImageShareSmallView.h; path = DDPlayerProject/DDPlayer/View/DDCaptureImageShareSmallView.h; sourceTree = SOURCE_ROOT; };
		E35817BA219C194100BD3282 /* DDCaptureImageShareSmallView.m */ = {isa = PBXFileReference; lastKnownFileType = sourcecode.c.objc; name = DDCaptureImageShareSmallView.m; path = DDPlayerProject/DDPlayer/View/DDCaptureImageShareSmallView.m; sourceTree = SOURCE_ROOT; };
		E35817BC219C1AA900BD3282 /* DDPlayer_Btn_CaptureShare@2x.png */ = {isa = PBXFileReference; lastKnownFileType = image.png; path = "DDPlayer_Btn_CaptureShare@2x.png"; sourceTree = "<group>"; };
		E35817BD219C1AA900BD3282 /* DDPlayer_Btn_CaptureShare@3x.png */ = {isa = PBXFileReference; lastKnownFileType = image.png; path = "DDPlayer_Btn_CaptureShare@3x.png"; sourceTree = "<group>"; };
		E36F3B0021A24EB800DE5F38 /* DDPlayerClarityChoiceView.h */ = {isa = PBXFileReference; lastKnownFileType = sourcecode.c.h; path = DDPlayerClarityChoiceView.h; sourceTree = "<group>"; };
		E36F3B0121A24EB800DE5F38 /* DDPlayerClarityChoiceView.m */ = {isa = PBXFileReference; lastKnownFileType = sourcecode.c.objc; path = DDPlayerClarityChoiceView.m; sourceTree = "<group>"; };
		E36F3BC821A293E500DE5F38 /* DDPlayer_Btn_Next@2x.png */ = {isa = PBXFileReference; lastKnownFileType = image.png; path = "DDPlayer_Btn_Next@2x.png"; sourceTree = "<group>"; };
		E36F3BC921A293E500DE5F38 /* DDPlayer_Btn_Next@3x.png */ = {isa = PBXFileReference; lastKnownFileType = image.png; path = "DDPlayer_Btn_Next@3x.png"; sourceTree = "<group>"; };
		E36F3BCC21A296C800DE5F38 /* DDPlayer_Btn_LandSBottPlay@3x.png */ = {isa = PBXFileReference; lastKnownFileType = image.png; path = "DDPlayer_Btn_LandSBottPlay@3x.png"; sourceTree = "<group>"; };
		E36F3BCD21A296C800DE5F38 /* DDPlayer_Btn_LandSBottPlay@2x.png */ = {isa = PBXFileReference; lastKnownFileType = image.png; path = "DDPlayer_Btn_LandSBottPlay@2x.png"; sourceTree = "<group>"; };
		E36F3BD021A2971600DE5F38 /* DDPlayer_Btn_LandSBottPause@3x.png */ = {isa = PBXFileReference; lastKnownFileType = image.png; path = "DDPlayer_Btn_LandSBottPause@3x.png"; sourceTree = "<group>"; };
		E36F3BD121A2971600DE5F38 /* DDPlayer_Btn_LandSBottPause@2x.png */ = {isa = PBXFileReference; lastKnownFileType = image.png; path = "DDPlayer_Btn_LandSBottPause@2x.png"; sourceTree = "<group>"; };
		E36F3BE121A2AF5600DE5F38 /* DDPlayer_Btn_LandShare@3x.png */ = {isa = PBXFileReference; lastKnownFileType = image.png; path = "DDPlayer_Btn_LandShare@3x.png"; sourceTree = "<group>"; };
		E36F3BE221A2AF5600DE5F38 /* DDPlayer_Btn_LandShare@2x.png */ = {isa = PBXFileReference; lastKnownFileType = image.png; path = "DDPlayer_Btn_LandShare@2x.png"; sourceTree = "<group>"; };
		E36F3BE521A2C64000DE5F38 /* DDPlayerClarity.h */ = {isa = PBXFileReference; lastKnownFileType = sourcecode.c.h; path = DDPlayerClarity.h; sourceTree = "<group>"; };
		E36F3BE621A2C88300DE5F38 /* DDPlayerClarityPromptLabel.h */ = {isa = PBXFileReference; lastKnownFileType = sourcecode.c.h; path = DDPlayerClarityPromptLabel.h; sourceTree = "<group>"; };
		E36F3BE721A2C88300DE5F38 /* DDPlayerClarityPromptLabel.m */ = {isa = PBXFileReference; lastKnownFileType = sourcecode.c.objc; path = DDPlayerClarityPromptLabel.m; sourceTree = "<group>"; };
		E36F931221A3E3D70097A094 /* DDTryWatchFinishView.h */ = {isa = PBXFileReference; lastKnownFileType = sourcecode.c.h; path = DDTryWatchFinishView.h; sourceTree = "<group>"; };
		E36F931321A3E3D70097A094 /* DDTryWatchFinishView.m */ = {isa = PBXFileReference; lastKnownFileType = sourcecode.c.objc; path = DDTryWatchFinishView.m; sourceTree = "<group>"; };
		E38A46462199120A00944AC9 /* DDBrightView.h */ = {isa = PBXFileReference; lastKnownFileType = sourcecode.c.h; path = DDBrightView.h; sourceTree = "<group>"; };
		E38A46472199120A00944AC9 /* DDBrightView.m */ = {isa = PBXFileReference; lastKnownFileType = sourcecode.c.objc; path = DDBrightView.m; sourceTree = "<group>"; };
		E38A46492199129300944AC9 /* DDPlayer_Img_Bright@2x.png */ = {isa = PBXFileReference; lastKnownFileType = image.png; path = "DDPlayer_Img_Bright@2x.png"; sourceTree = "<group>"; };
		E38A464A2199129300944AC9 /* DDPlayer_Img_Bright@3x.png */ = {isa = PBXFileReference; lastKnownFileType = image.png; path = "DDPlayer_Img_Bright@3x.png"; sourceTree = "<group>"; };
		E38A464D219913B400944AC9 /* DDPlayer_Bg_Bright@2x.png */ = {isa = PBXFileReference; lastKnownFileType = image.png; path = "DDPlayer_Bg_Bright@2x.png"; sourceTree = "<group>"; };
		E38A464E219913B400944AC9 /* DDPlayer_Bg_Bright@3x.png */ = {isa = PBXFileReference; lastKnownFileType = image.png; path = "DDPlayer_Bg_Bright@3x.png"; sourceTree = "<group>"; };
		E38A46552199760B00944AC9 /* NSTimer+Block.h */ = {isa = PBXFileReference; lastKnownFileType = sourcecode.c.h; path = "NSTimer+Block.h"; sourceTree = "<group>"; };
		E3AB58F72195596200CAEF38 /* DDPlayerProject.app */ = {isa = PBXFileReference; explicitFileType = wrapper.application; includeInIndex = 0; path = DDPlayerProject.app; sourceTree = BUILT_PRODUCTS_DIR; };
		E3AB58FA2195596200CAEF38 /* AppDelegate.h */ = {isa = PBXFileReference; lastKnownFileType = sourcecode.c.h; path = AppDelegate.h; sourceTree = "<group>"; };
		E3AB58FB2195596200CAEF38 /* AppDelegate.m */ = {isa = PBXFileReference; lastKnownFileType = sourcecode.c.objc; path = AppDelegate.m; sourceTree = "<group>"; };
		E3AB59032195596400CAEF38 /* Assets.xcassets */ = {isa = PBXFileReference; lastKnownFileType = folder.assetcatalog; path = Assets.xcassets; sourceTree = "<group>"; };
		E3AB59062195596400CAEF38 /* Base */ = {isa = PBXFileReference; lastKnownFileType = file.storyboard; name = Base; path = Base.lproj/LaunchScreen.storyboard; sourceTree = "<group>"; };
		E3AB59082195596400CAEF38 /* Info.plist */ = {isa = PBXFileReference; lastKnownFileType = text.plist.xml; path = Info.plist; sourceTree = "<group>"; };
		E3AB59092195596400CAEF38 /* main.m */ = {isa = PBXFileReference; lastKnownFileType = sourcecode.c.objc; path = main.m; sourceTree = "<group>"; };
		E3AB590F2195596400CAEF38 /* DDPlayerProjectTests.xctest */ = {isa = PBXFileReference; explicitFileType = wrapper.cfbundle; includeInIndex = 0; path = DDPlayerProjectTests.xctest; sourceTree = BUILT_PRODUCTS_DIR; };
		E3AB59132195596400CAEF38 /* DDPlayerProjectTests.m */ = {isa = PBXFileReference; lastKnownFileType = sourcecode.c.objc; path = DDPlayerProjectTests.m; sourceTree = "<group>"; };
		E3AB59152195596400CAEF38 /* Info.plist */ = {isa = PBXFileReference; lastKnownFileType = text.plist.xml; path = Info.plist; sourceTree = "<group>"; };
		E3AB591A2195596400CAEF38 /* DDPlayerProjectUITests.xctest */ = {isa = PBXFileReference; explicitFileType = wrapper.cfbundle; includeInIndex = 0; path = DDPlayerProjectUITests.xctest; sourceTree = BUILT_PRODUCTS_DIR; };
		E3AB591E2195596400CAEF38 /* DDPlayerProjectUITests.m */ = {isa = PBXFileReference; lastKnownFileType = sourcecode.c.objc; path = DDPlayerProjectUITests.m; sourceTree = "<group>"; };
		E3AB59202195596400CAEF38 /* Info.plist */ = {isa = PBXFileReference; lastKnownFileType = text.plist.xml; path = Info.plist; sourceTree = "<group>"; };
		E3AB5931219559FF00CAEF38 /* DDPlayer.h */ = {isa = PBXFileReference; lastKnownFileType = sourcecode.c.h; path = DDPlayer.h; sourceTree = "<group>"; };
		E3AB5932219559FF00CAEF38 /* DDPlayer.m */ = {isa = PBXFileReference; lastKnownFileType = sourcecode.c.objc; path = DDPlayer.m; sourceTree = "<group>"; };
		E3AB593521955A8900CAEF38 /* DDTabBarController.h */ = {isa = PBXFileReference; lastKnownFileType = sourcecode.c.h; path = DDTabBarController.h; sourceTree = "<group>"; };
		E3AB593621955A8900CAEF38 /* DDTabBarController.m */ = {isa = PBXFileReference; lastKnownFileType = sourcecode.c.objc; path = DDTabBarController.m; sourceTree = "<group>"; };
		E3AB593921955AA100CAEF38 /* DDNavigationController.h */ = {isa = PBXFileReference; lastKnownFileType = sourcecode.c.h; path = DDNavigationController.h; sourceTree = "<group>"; };
		E3AB593A21955AA100CAEF38 /* DDNavigationController.m */ = {isa = PBXFileReference; lastKnownFileType = sourcecode.c.objc; path = DDNavigationController.m; sourceTree = "<group>"; };
		E3AB593C21955AC100CAEF38 /* DDBaseViewController.h */ = {isa = PBXFileReference; lastKnownFileType = sourcecode.c.h; path = DDBaseViewController.h; sourceTree = "<group>"; };
		E3AB593D21955AC100CAEF38 /* DDBaseViewController.m */ = {isa = PBXFileReference; lastKnownFileType = sourcecode.c.objc; path = DDBaseViewController.m; sourceTree = "<group>"; };
		E3AB593F21955AD400CAEF38 /* DDVideoViewController.h */ = {isa = PBXFileReference; lastKnownFileType = sourcecode.c.h; path = DDVideoViewController.h; sourceTree = "<group>"; };
		E3AB594021955AD400CAEF38 /* DDVideoViewController.m */ = {isa = PBXFileReference; lastKnownFileType = sourcecode.c.objc; path = DDVideoViewController.m; sourceTree = "<group>"; };
		E3AB594621955C8D00CAEF38 /* DDPlayerStatus.h */ = {isa = PBXFileReference; fileEncoding = 4; lastKnownFileType = sourcecode.c.h; path = DDPlayerStatus.h; sourceTree = "<group>"; };
		E3AB594721955C8D00CAEF38 /* DDPlayerView.m */ = {isa = PBXFileReference; fileEncoding = 4; lastKnownFileType = sourcecode.c.objc; path = DDPlayerView.m; sourceTree = "<group>"; };
		E3AB594821955C8D00CAEF38 /* DDPlayerView.h */ = {isa = PBXFileReference; fileEncoding = 4; lastKnownFileType = sourcecode.c.h; path = DDPlayerView.h; sourceTree = "<group>"; };
		E3AB594A21955CB900CAEF38 /* DDPlayerLineModel.h */ = {isa = PBXFileReference; lastKnownFileType = sourcecode.c.h; path = DDPlayerLineModel.h; sourceTree = "<group>"; };
		E3AB594B21955CB900CAEF38 /* DDPlayerLineModel.m */ = {isa = PBXFileReference; lastKnownFileType = sourcecode.c.objc; path = DDPlayerLineModel.m; sourceTree = "<group>"; };
		E3AB594D21955D0800CAEF38 /* DDPlayerDelegate.h */ = {isa = PBXFileReference; lastKnownFileType = sourcecode.c.h; path = DDPlayerDelegate.h; sourceTree = "<group>"; };
		E3AB594E21955D3900CAEF38 /* DDPlayerTool.h */ = {isa = PBXFileReference; lastKnownFileType = sourcecode.c.h; path = DDPlayerTool.h; sourceTree = "<group>"; };
		E3AB594F21955D3900CAEF38 /* DDPlayerTool.m */ = {isa = PBXFileReference; lastKnownFileType = sourcecode.c.objc; path = DDPlayerTool.m; sourceTree = "<group>"; };
		E3AB595121955DA100CAEF38 /* DDPlayerControlBottomBaseView.m */ = {isa = PBXFileReference; fileEncoding = 4; lastKnownFileType = sourcecode.c.objc; path = DDPlayerControlBottomBaseView.m; sourceTree = "<group>"; };
		E3AB595221955DA100CAEF38 /* DDPlayerControlView.h */ = {isa = PBXFileReference; fileEncoding = 4; lastKnownFileType = sourcecode.c.h; path = DDPlayerControlView.h; sourceTree = "<group>"; };
		E3AB595321955DA100CAEF38 /* DDPlayerControlView.m */ = {isa = PBXFileReference; fileEncoding = 4; lastKnownFileType = sourcecode.c.objc; path = DDPlayerControlView.m; sourceTree = "<group>"; };
		E3AB595421955DA100CAEF38 /* DDPlayerControlTopView.m */ = {isa = PBXFileReference; fileEncoding = 4; lastKnownFileType = sourcecode.c.objc; path = DDPlayerControlTopView.m; sourceTree = "<group>"; };
		E3AB595521955DA100CAEF38 /* DDPlayerControlTopView.h */ = {isa = PBXFileReference; fileEncoding = 4; lastKnownFileType = sourcecode.c.h; path = DDPlayerControlTopView.h; sourceTree = "<group>"; };
		E3AB595621955DA100CAEF38 /* DDPlayerControlBottomBaseView.h */ = {isa = PBXFileReference; fileEncoding = 4; lastKnownFileType = sourcecode.c.h; path = DDPlayerControlBottomBaseView.h; sourceTree = "<group>"; };
		E3AB595721955DA100CAEF38 /* DDPlayerComponentBaseView.m */ = {isa = PBXFileReference; fileEncoding = 4; lastKnownFileType = sourcecode.c.objc; path = DDPlayerComponentBaseView.m; sourceTree = "<group>"; };
		E3AB595821955DA100CAEF38 /* DDPlayerComponentBaseView.h */ = {isa = PBXFileReference; fileEncoding = 4; lastKnownFileType = sourcecode.c.h; path = DDPlayerComponentBaseView.h; sourceTree = "<group>"; };
		E3AB595921955DA100CAEF38 /* DDPlayerControlBottomPortraitView.m */ = {isa = PBXFileReference; fileEncoding = 4; lastKnownFileType = sourcecode.c.objc; path = DDPlayerControlBottomPortraitView.m; sourceTree = "<group>"; };
		E3AB595A21955DA100CAEF38 /* DDPlayerControlBottomLandscapeView.m */ = {isa = PBXFileReference; fileEncoding = 4; lastKnownFileType = sourcecode.c.objc; path = DDPlayerControlBottomLandscapeView.m; sourceTree = "<group>"; };
		E3AB595B21955DA100CAEF38 /* DDPlayerControlBottomPortraitView.h */ = {isa = PBXFileReference; fileEncoding = 4; lastKnownFileType = sourcecode.c.h; path = DDPlayerControlBottomPortraitView.h; sourceTree = "<group>"; };
		E3AB595C21955DA100CAEF38 /* DDPlayerControlBottomLandscapeView.h */ = {isa = PBXFileReference; fileEncoding = 4; lastKnownFileType = sourcecode.c.h; path = DDPlayerControlBottomLandscapeView.h; sourceTree = "<group>"; };
		E3AB596421955DF000CAEF38 /* DDVideoNormalViewController.h */ = {isa = PBXFileReference; lastKnownFileType = sourcecode.c.h; path = DDVideoNormalViewController.h; sourceTree = "<group>"; };
		E3AB596521955DF000CAEF38 /* DDVideoNormalViewController.m */ = {isa = PBXFileReference; lastKnownFileType = sourcecode.c.objc; path = DDVideoNormalViewController.m; sourceTree = "<group>"; };
		E3AB596721955F3100CAEF38 /* DDPlayer_Btn_Capture@3x.png */ = {isa = PBXFileReference; lastKnownFileType = image.png; path = "DDPlayer_Btn_Capture@3x.png"; sourceTree = "<group>"; };
		E3AB596821955F3100CAEF38 /* DDPlayer_Btn_BottomPortraitPlay@2x.png */ = {isa = PBXFileReference; lastKnownFileType = image.png; path = "DDPlayer_Btn_BottomPortraitPlay@2x.png"; sourceTree = "<group>"; };
		E3AB596921955F3100CAEF38 /* DDPlayer_Icon_ProgressThumb_sel@2x.png */ = {isa = PBXFileReference; lastKnownFileType = image.png; path = "DDPlayer_Icon_ProgressThumb_sel@2x.png"; sourceTree = "<group>"; };
		E3AB596A21955F3100CAEF38 /* DDPlayer_Btn_Back@2x.png */ = {isa = PBXFileReference; lastKnownFileType = image.png; path = "DDPlayer_Btn_Back@2x.png"; sourceTree = "<group>"; };
		E3AB596B21955F3100CAEF38 /* DDPlayer_Btn_CenterPause@3x.png */ = {isa = PBXFileReference; lastKnownFileType = image.png; path = "DDPlayer_Btn_CenterPause@3x.png"; sourceTree = "<group>"; };
		E3AB596C21955F3100CAEF38 /* DDPlayer_Btn_BottomPortraitPause@3x.png */ = {isa = PBXFileReference; lastKnownFileType = image.png; path = "DDPlayer_Btn_BottomPortraitPause@3x.png"; sourceTree = "<group>"; };
		E3AB596D21955F3200CAEF38 /* DDPlayer_Btn_Forward@2x.png */ = {isa = PBXFileReference; lastKnownFileType = image.png; path = "DDPlayer_Btn_Forward@2x.png"; sourceTree = "<group>"; };
		E3AB596E21955F3200CAEF38 /* DDPlayer_Btn_ForceOrientatedLandscape@3x.png */ = {isa = PBXFileReference; lastKnownFileType = image.png; path = "DDPlayer_Btn_ForceOrientatedLandscape@3x.png"; sourceTree = "<group>"; };
		E3AB596F21955F3200CAEF38 /* DDPlayer_Btn_Capture@2x.png */ = {isa = PBXFileReference; lastKnownFileType = image.png; path = "DDPlayer_Btn_Capture@2x.png"; sourceTree = "<group>"; };
		E3AB597021955F3200CAEF38 /* DDPlayer_Btn_Lock@2x.png */ = {isa = PBXFileReference; lastKnownFileType = image.png; path = "DDPlayer_Btn_Lock@2x.png"; sourceTree = "<group>"; };
		E3AB597121955F3200CAEF38 /* DDPlayer_Btn_BottomPortraitPlay@3x.png */ = {isa = PBXFileReference; lastKnownFileType = image.png; path = "DDPlayer_Btn_BottomPortraitPlay@3x.png"; sourceTree = "<group>"; };
		E3AB597221955F3200CAEF38 /* DDPlayer_Bg_MaskBottom@3x.png */ = {isa = PBXFileReference; lastKnownFileType = image.png; path = "DDPlayer_Bg_MaskBottom@3x.png"; sourceTree = "<group>"; };
		E3AB597321955F3200CAEF38 /* DDPlayer_Bg_MaskTop@2x.png */ = {isa = PBXFileReference; lastKnownFileType = image.png; path = "DDPlayer_Bg_MaskTop@2x.png"; sourceTree = "<group>"; };
		E3AB597421955F3200CAEF38 /* DDPlayer_Btn_BottomPortraitPause@2x.png */ = {isa = PBXFileReference; lastKnownFileType = image.png; path = "DDPlayer_Btn_BottomPortraitPause@2x.png"; sourceTree = "<group>"; };
		E3AB597521955F3200CAEF38 /* DDPlayer_Btn_ForceOrientatedLandscape@2x.png */ = {isa = PBXFileReference; lastKnownFileType = image.png; path = "DDPlayer_Btn_ForceOrientatedLandscape@2x.png"; sourceTree = "<group>"; };
		E3AB597621955F3200CAEF38 /* DDPlayer_Btn_Lock@3x.png */ = {isa = PBXFileReference; lastKnownFileType = image.png; path = "DDPlayer_Btn_Lock@3x.png"; sourceTree = "<group>"; };
		E3AB597721955F3200CAEF38 /* DDPlayer_Bg_MaskBottom@2x.png */ = {isa = PBXFileReference; lastKnownFileType = image.png; path = "DDPlayer_Bg_MaskBottom@2x.png"; sourceTree = "<group>"; };
		E3AB597821955F3200CAEF38 /* DDPlayer_Btn_Forward@3x.png */ = {isa = PBXFileReference; lastKnownFileType = image.png; path = "DDPlayer_Btn_Forward@3x.png"; sourceTree = "<group>"; };
		E3AB597921955F3200CAEF38 /* DDPlayer_Bg_MaskTop@3x.png */ = {isa = PBXFileReference; lastKnownFileType = image.png; path = "DDPlayer_Bg_MaskTop@3x.png"; sourceTree = "<group>"; };
		E3AB597A21955F3200CAEF38 /* DDPlayer_Btn_CenterPlay@3x.png */ = {isa = PBXFileReference; lastKnownFileType = image.png; path = "DDPlayer_Btn_CenterPlay@3x.png"; sourceTree = "<group>"; };
		E3AB597B21955F3200CAEF38 /* DDPlayer_Btn_CenterPlay@2x.png */ = {isa = PBXFileReference; lastKnownFileType = image.png; path = "DDPlayer_Btn_CenterPlay@2x.png"; sourceTree = "<group>"; };
		E3AB597C21955F3200CAEF38 /* DDPlayer_Icon_ProgressThumb_sel@3x.png */ = {isa = PBXFileReference; lastKnownFileType = image.png; path = "DDPlayer_Icon_ProgressThumb_sel@3x.png"; sourceTree = "<group>"; };
		E3AB597D21955F3200CAEF38 /* DDPlayer_Btn_Back@3x.png */ = {isa = PBXFileReference; lastKnownFileType = image.png; path = "DDPlayer_Btn_Back@3x.png"; sourceTree = "<group>"; };
		E3AB597E21955F3200CAEF38 /* DDPlayer_Btn_CenterPause@2x.png */ = {isa = PBXFileReference; lastKnownFileType = image.png; path = "DDPlayer_Btn_CenterPause@2x.png"; sourceTree = "<group>"; };
		E3AB597F21955F3300CAEF38 /* DDPlayer_Icon_ProgressThumb@3x.png */ = {isa = PBXFileReference; lastKnownFileType = image.png; path = "DDPlayer_Icon_ProgressThumb@3x.png"; sourceTree = "<group>"; };
		E3AB598021955F3300CAEF38 /* DDPlayer_Icon_ProgressThumb@2x.png */ = {isa = PBXFileReference; lastKnownFileType = image.png; path = "DDPlayer_Icon_ProgressThumb@2x.png"; sourceTree = "<group>"; };
		E3AB599B2195731D00CAEF38 /* DDPlayerManager.h */ = {isa = PBXFileReference; lastKnownFileType = sourcecode.c.h; path = DDPlayerManager.h; sourceTree = "<group>"; };
		E3AB599C2195731D00CAEF38 /* DDPlayerManager.m */ = {isa = PBXFileReference; lastKnownFileType = sourcecode.c.objc; path = DDPlayerManager.m; sourceTree = "<group>"; };
		E3AB599E2195754600CAEF38 /* DDPlayerViewDelegate.h */ = {isa = PBXFileReference; lastKnownFileType = sourcecode.c.h; path = DDPlayerViewDelegate.h; sourceTree = "<group>"; };
		E3AB59A021957A3700CAEF38 /* DDPlayerCoverView.h */ = {isa = PBXFileReference; lastKnownFileType = sourcecode.c.h; path = DDPlayerCoverView.h; sourceTree = "<group>"; };
		E3AB59A121957A3700CAEF38 /* DDPlayerCoverView.m */ = {isa = PBXFileReference; lastKnownFileType = sourcecode.c.objc; path = DDPlayerCoverView.m; sourceTree = "<group>"; };
		E3B5D8B7219A95F900F9FC1D /* DDPlayer_Btn_Unlock@2x.png */ = {isa = PBXFileReference; lastKnownFileType = image.png; path = "DDPlayer_Btn_Unlock@2x.png"; sourceTree = "<group>"; };
		E3B5D8B8219A95F900F9FC1D /* DDPlayer_Btn_Unlock@3x.png */ = {isa = PBXFileReference; lastKnownFileType = image.png; path = "DDPlayer_Btn_Unlock@3x.png"; sourceTree = "<group>"; };
		E3B5D8BB219AAF1C00F9FC1D /* DDPlayer_Btn_captureImage@2x.png */ = {isa = PBXFileReference; lastKnownFileType = image.png; path = "DDPlayer_Btn_captureImage@2x.png"; sourceTree = "<group>"; };
		E3B5D8BC219AAF1C00F9FC1D /* DDPlayer_Btn_captureImage@3x.png */ = {isa = PBXFileReference; lastKnownFileType = image.png; path = "DDPlayer_Btn_captureImage@3x.png"; sourceTree = "<group>"; };
		E3B5D8BD219AAF1C00F9FC1D /* DDPlayer_Btn_captureVideo@3x.png */ = {isa = PBXFileReference; lastKnownFileType = image.png; path = "DDPlayer_Btn_captureVideo@3x.png"; sourceTree = "<group>"; };
		E3B5D8BE219AAF1C00F9FC1D /* DDPlayer_Btn_captureVideo@2x.png */ = {isa = PBXFileReference; lastKnownFileType = image.png; path = "DDPlayer_Btn_captureVideo@2x.png"; sourceTree = "<group>"; };
		E3B5D8C3219AB75D00F9FC1D /* DDPlayer_Gif_Loading@2x.gif */ = {isa = PBXFileReference; lastKnownFileType = image.gif; path = "DDPlayer_Gif_Loading@2x.gif"; sourceTree = "<group>"; };
		E3B5D960219AC90000F9FC1D /* DDPlayerContainerView.h */ = {isa = PBXFileReference; lastKnownFileType = sourcecode.c.h; path = DDPlayerContainerView.h; sourceTree = "<group>"; };
		E3B5D961219AC90000F9FC1D /* DDPlayerContainerView.m */ = {isa = PBXFileReference; lastKnownFileType = sourcecode.c.objc; path = DDPlayerContainerView.m; sourceTree = "<group>"; };
		E3BCD011219E528700455201 /* DDPlayerProject_PrefixHeader.pch */ = {isa = PBXFileReference; lastKnownFileType = sourcecode.c.h; path = DDPlayerProject_PrefixHeader.pch; sourceTree = "<group>"; };
		E3BCD012219E5A1A00455201 /* DDKVOManager.h */ = {isa = PBXFileReference; lastKnownFileType = sourcecode.c.h; path = DDKVOManager.h; sourceTree = "<group>"; };
		E3BCD013219E5A1A00455201 /* DDKVOManager.m */ = {isa = PBXFileReference; lastKnownFileType = sourcecode.c.objc; path = DDKVOManager.m; sourceTree = "<group>"; };
		E3DE4C04219D04DA0073C733 /* DDCaptureImageShareView.h */ = {isa = PBXFileReference; lastKnownFileType = sourcecode.c.h; path = DDCaptureImageShareView.h; sourceTree = "<group>"; };
		E3DE4C05219D04DA0073C733 /* DDCaptureImageShareView.m */ = {isa = PBXFileReference; lastKnownFileType = sourcecode.c.objc; path = DDCaptureImageShareView.m; sourceTree = "<group>"; };
		E3DE4C0B219D1F490073C733 /* DDNetworkWWANWarnView.h */ = {isa = PBXFileReference; lastKnownFileType = sourcecode.c.h; path = DDNetworkWWANWarnView.h; sourceTree = "<group>"; };
		E3DE4C0C219D1F490073C733 /* DDNetworkWWANWarnView.m */ = {isa = PBXFileReference; lastKnownFileType = sourcecode.c.objc; path = DDNetworkWWANWarnView.m; sourceTree = "<group>"; };
		E3DE4C0E219D21620073C733 /* DDPlayer_Btn_flowAlert@2x.png */ = {isa = PBXFileReference; lastKnownFileType = image.png; path = "DDPlayer_Btn_flowAlert@2x.png"; sourceTree = "<group>"; };
		E3DE4C0F219D21620073C733 /* DDPlayer_Btn_flowAlert@3x.png */ = {isa = PBXFileReference; lastKnownFileType = image.png; path = "DDPlayer_Btn_flowAlert@3x.png"; sourceTree = "<group>"; };
		E3DE4C12219D2C260073C733 /* DDPlayer_Icon_coverPlay@2x.png */ = {isa = PBXFileReference; lastKnownFileType = image.png; path = "DDPlayer_Icon_coverPlay@2x.png"; sourceTree = "<group>"; };
		E3DE4C13219D2C260073C733 /* DDPlayer_Icon_coverPlay@3x.png */ = {isa = PBXFileReference; lastKnownFileType = image.png; path = "DDPlayer_Icon_coverPlay@3x.png"; sourceTree = "<group>"; };
		E3DE4C16219D5B180073C733 /* DDNetworkErrorView.h */ = {isa = PBXFileReference; lastKnownFileType = sourcecode.c.h; path = DDNetworkErrorView.h; sourceTree = "<group>"; };
		E3DE4C17219D5B180073C733 /* DDNetworkErrorView.m */ = {isa = PBXFileReference; lastKnownFileType = sourcecode.c.objc; path = DDNetworkErrorView.m; sourceTree = "<group>"; };
		E3DE4C19219D5BC40073C733 /* DDPlayer_Img_NetFailIcon@3x.png */ = {isa = PBXFileReference; lastKnownFileType = image.png; path = "DDPlayer_Img_NetFailIcon@3x.png"; sourceTree = "<group>"; };
		E3DE4C1A219D5BC40073C733 /* DDPlayer_Img_NetFailIcon@2x.png */ = {isa = PBXFileReference; lastKnownFileType = image.png; path = "DDPlayer_Img_NetFailIcon@2x.png"; sourceTree = "<group>"; };
		E3DE4C1D219D5E7C0073C733 /* DDPlayer_Btn_Retry@2x.png */ = {isa = PBXFileReference; lastKnownFileType = image.png; path = "DDPlayer_Btn_Retry@2x.png"; sourceTree = "<group>"; };
		E3DE4C1E219D5E7C0073C733 /* DDPlayer_Btn_Retry@3x.png */ = {isa = PBXFileReference; lastKnownFileType = image.png; path = "DDPlayer_Btn_Retry@3x.png"; sourceTree = "<group>"; };
		F8E8F90204FFA6ED33907852 /* Pods-DDPlayerProjectTests.debug.xcconfig */ = {isa = PBXFileReference; includeInIndex = 1; lastKnownFileType = text.xcconfig; name = "Pods-DDPlayerProjectTests.debug.xcconfig"; path = "Pods/Target Support Files/Pods-DDPlayerProjectTests/Pods-DDPlayerProjectTests.debug.xcconfig"; sourceTree = "<group>"; };
/* End PBXFileReference section */

/* Begin PBXFrameworksBuildPhase section */
		E3AB58F42195596200CAEF38 /* Frameworks */ = {
			isa = PBXFrameworksBuildPhase;
			buildActionMask = 2147483647;
			files = (
				2EEDBD62F2036376DF2E0DE0 /* libPods-DDPlayerProject.a in Frameworks */,
			);
			runOnlyForDeploymentPostprocessing = 0;
		};
		E3AB590C2195596400CAEF38 /* Frameworks */ = {
			isa = PBXFrameworksBuildPhase;
			buildActionMask = 2147483647;
			files = (
				B076360561E3700318AE489B /* libPods-DDPlayerProjectTests.a in Frameworks */,
			);
			runOnlyForDeploymentPostprocessing = 0;
		};
		E3AB59172195596400CAEF38 /* Frameworks */ = {
			isa = PBXFrameworksBuildPhase;
			buildActionMask = 2147483647;
			files = (
				A44E587EF3596EADA61B5E9A /* libPods-DDPlayerProjectUITests.a in Frameworks */,
			);
			runOnlyForDeploymentPostprocessing = 0;
		};
/* End PBXFrameworksBuildPhase section */

/* Begin PBXGroup section */
		8884BA46214B417994ED3653 /* Pods */ = {
			isa = PBXGroup;
			children = (
				7BF951BC267A60F2A473254E /* Pods-DDPlayerProject.debug.xcconfig */,
				848DBCAE4367F9EC0A98D045 /* Pods-DDPlayerProject.release.xcconfig */,
				F8E8F90204FFA6ED33907852 /* Pods-DDPlayerProjectTests.debug.xcconfig */,
				000A41C1CC86BEBDC59D1D17 /* Pods-DDPlayerProjectTests.release.xcconfig */,
				B138672EA12CC87AE428959E /* Pods-DDPlayerProjectUITests.debug.xcconfig */,
				82D475FF0ECE600EFE14621A /* Pods-DDPlayerProjectUITests.release.xcconfig */,
			);
			name = Pods;
			sourceTree = "<group>";
		};
		D686D9E8A080C6CE95797204 /* Frameworks */ = {
			isa = PBXGroup;
			children = (
				D5C8FC439C810D419B5FF428 /* libPods-DDPlayerProject.a */,
				A6D75E5B168621045C77DA34 /* libPods-DDPlayerProjectTests.a */,
				B8FD5353F2C86624CC2E8724 /* libPods-DDPlayerProjectUITests.a */,
			);
			name = Frameworks;
			sourceTree = "<group>";
		};
		E35817A8219BB98400BD3282 /* 拖拽进度视图 */ = {
			isa = PBXGroup;
			children = (
				E35817A9219BB9D000BD3282 /* DDPlayerDragProgressBaseView.h */,
				E35817AA219BB9D000BD3282 /* DDPlayerDragProgressBaseView.m */,
				E35817AC219BB9E400BD3282 /* DDPlayerDragProgressPortraitView.h */,
				E35817AD219BB9E400BD3282 /* DDPlayerDragProgressPortraitView.m */,
				E35817AF219BBA0900BD3282 /* DDPlayerDragProgressLandscapeView.h */,
				E35817B0219BBA0900BD3282 /* DDPlayerDragProgressLandscapeView.m */,
			);
			path = "拖拽进度视图";
			sourceTree = "<group>";
		};
		E35817B8219C18F000BD3282 /* 截取图片分享 */ = {
			isa = PBXGroup;
			children = (
				E35817B9219C194100BD3282 /* DDCaptureImageShareSmallView.h */,
				E35817BA219C194100BD3282 /* DDCaptureImageShareSmallView.m */,
				E3DE4C04219D04DA0073C733 /* DDCaptureImageShareView.h */,
				E3DE4C05219D04DA0073C733 /* DDCaptureImageShareView.m */,
			);
			path = "截取图片分享";
			sourceTree = "<group>";
		};
		E36F3AFF21A24D0000DE5F38 /* 选择清晰度 */ = {
			isa = PBXGroup;
			children = (
				E36F3BE521A2C64000DE5F38 /* DDPlayerClarity.h */,
				E36F3B0021A24EB800DE5F38 /* DDPlayerClarityChoiceView.h */,
				E36F3B0121A24EB800DE5F38 /* DDPlayerClarityChoiceView.m */,
				E36F3BE621A2C88300DE5F38 /* DDPlayerClarityPromptLabel.h */,
				E36F3BE721A2C88300DE5F38 /* DDPlayerClarityPromptLabel.m */,
			);
			path = "选择清晰度";
			sourceTree = "<group>";
		};
		E36F3BE921A2DE0700DE5F38 /* 付费视频视图 */ = {
			isa = PBXGroup;
			children = (
				E36F931221A3E3D70097A094 /* DDTryWatchFinishView.h */,
				E36F931321A3E3D70097A094 /* DDTryWatchFinishView.m */,
			);
			path = "付费视频视图";
			sourceTree = "<group>";
		};
		E38A4645219911FA00944AC9 /* 亮度调试视图 */ = {
			isa = PBXGroup;
			children = (
				E38A46462199120A00944AC9 /* DDBrightView.h */,
				E38A46472199120A00944AC9 /* DDBrightView.m */,
			);
			path = "亮度调试视图";
			sourceTree = "<group>";
		};
		E3AB58EE2195596200CAEF38 = {
			isa = PBXGroup;
			children = (
				E3AB58F92195596200CAEF38 /* DDPlayerProject */,
				E3AB59122195596400CAEF38 /* DDPlayerProjectTests */,
				E3AB591D2195596400CAEF38 /* DDPlayerProjectUITests */,
				E3AB58F82195596200CAEF38 /* Products */,
				8884BA46214B417994ED3653 /* Pods */,
				D686D9E8A080C6CE95797204 /* Frameworks */,
			);
			sourceTree = "<group>";
		};
		E3AB58F82195596200CAEF38 /* Products */ = {
			isa = PBXGroup;
			children = (
				E3AB58F72195596200CAEF38 /* DDPlayerProject.app */,
				E3AB590F2195596400CAEF38 /* DDPlayerProjectTests.xctest */,
				E3AB591A2195596400CAEF38 /* DDPlayerProjectUITests.xctest */,
			);
			name = Products;
			sourceTree = "<group>";
		};
		E3AB58F92195596200CAEF38 /* DDPlayerProject */ = {
			isa = PBXGroup;
			children = (
				E35817B6219C061800BD3282 /* test.mp4 */,
				E3AB592C219559C700CAEF38 /* DDPlayer */,
				E3AB593421955A6800CAEF38 /* ViewController */,
				E3AB58FA2195596200CAEF38 /* AppDelegate.h */,
				E3AB58FB2195596200CAEF38 /* AppDelegate.m */,
				E3BCD011219E528700455201 /* DDPlayerProject_PrefixHeader.pch */,
				E3AB59032195596400CAEF38 /* Assets.xcassets */,
				E3AB59052195596400CAEF38 /* LaunchScreen.storyboard */,
				E3AB59082195596400CAEF38 /* Info.plist */,
				E3AB59092195596400CAEF38 /* main.m */,
			);
			path = DDPlayerProject;
			sourceTree = "<group>";
		};
		E3AB59122195596400CAEF38 /* DDPlayerProjectTests */ = {
			isa = PBXGroup;
			children = (
				E3AB59132195596400CAEF38 /* DDPlayerProjectTests.m */,
				E3AB59152195596400CAEF38 /* Info.plist */,
			);
			path = DDPlayerProjectTests;
			sourceTree = "<group>";
		};
		E3AB591D2195596400CAEF38 /* DDPlayerProjectUITests */ = {
			isa = PBXGroup;
			children = (
				E3AB591E2195596400CAEF38 /* DDPlayerProjectUITests.m */,
				E3AB59202195596400CAEF38 /* Info.plist */,
			);
			path = DDPlayerProjectUITests;
			sourceTree = "<group>";
		};
		E3AB592C219559C700CAEF38 /* DDPlayer */ = {
			isa = PBXGroup;
			children = (
				E3AB5931219559FF00CAEF38 /* DDPlayer.h */,
				E3AB5932219559FF00CAEF38 /* DDPlayer.m */,
				E3AB594621955C8D00CAEF38 /* DDPlayerStatus.h */,
				E3AB594D21955D0800CAEF38 /* DDPlayerDelegate.h */,
				E3AB599B2195731D00CAEF38 /* DDPlayerManager.h */,
				E3AB599C2195731D00CAEF38 /* DDPlayerManager.m */,
				E3BCD010219E4FB000455201 /* DDPlayerView */,
				E3AB592E219559D700CAEF38 /* Model */,
				E3AB592D219559D100CAEF38 /* View */,
				E3AB592F219559DB00CAEF38 /* Other */,
				E3AB5930219559E100CAEF38 /* Resource */,
			);
			path = DDPlayer;
			sourceTree = "<group>";
		};
		E3AB592D219559D100CAEF38 /* View */ = {
			isa = PBXGroup;
			children = (
				E3AB596321955DAC00CAEF38 /* ControlView */,
				E36F3BE921A2DE0700DE5F38 /* 付费视频视图 */,
				E36F3AFF21A24D0000DE5F38 /* 选择清晰度 */,
				E3DE4C0A219D1EF10073C733 /* 网络监控提示图 */,
				E35817B8219C18F000BD3282 /* 截取图片分享 */,
				E3B5D95F219AC8A700F9FC1D /* ContentView */,
				E35817A8219BB98400BD3282 /* 拖拽进度视图 */,
				E38A4645219911FA00944AC9 /* 亮度调试视图 */,
				E3AB599F21957A2400CAEF38 /* 封面 */,
			);
			path = View;
			sourceTree = "<group>";
		};
		E3AB592E219559D700CAEF38 /* Model */ = {
			isa = PBXGroup;
			children = (
				E3AB594A21955CB900CAEF38 /* DDPlayerLineModel.h */,
				E3AB594B21955CB900CAEF38 /* DDPlayerLineModel.m */,
			);
			path = Model;
			sourceTree = "<group>";
		};
		E3AB592F219559DB00CAEF38 /* Other */ = {
			isa = PBXGroup;
			children = (
				E3AB594E21955D3900CAEF38 /* DDPlayerTool.h */,
				E3AB594F21955D3900CAEF38 /* DDPlayerTool.m */,
				E38A46552199760B00944AC9 /* NSTimer+Block.h */,
				E3BCD012219E5A1A00455201 /* DDKVOManager.h */,
				E3BCD013219E5A1A00455201 /* DDKVOManager.m */,
			);
			path = Other;
			sourceTree = "<group>";
		};
		E3AB5930219559E100CAEF38 /* Resource */ = {
			isa = PBXGroup;
			children = (
				E36F3BE221A2AF5600DE5F38 /* DDPlayer_Btn_LandShare@2x.png */,
				E36F3BE121A2AF5600DE5F38 /* DDPlayer_Btn_LandShare@3x.png */,
				E36F3BC821A293E500DE5F38 /* DDPlayer_Btn_Next@2x.png */,
				E36F3BC921A293E500DE5F38 /* DDPlayer_Btn_Next@3x.png */,
				E3DE4C1D219D5E7C0073C733 /* DDPlayer_Btn_Retry@2x.png */,
				E3DE4C1E219D5E7C0073C733 /* DDPlayer_Btn_Retry@3x.png */,
				E3DE4C1A219D5BC40073C733 /* DDPlayer_Img_NetFailIcon@2x.png */,
				E3DE4C19219D5BC40073C733 /* DDPlayer_Img_NetFailIcon@3x.png */,
				E3DE4C12219D2C260073C733 /* DDPlayer_Icon_coverPlay@2x.png */,
				E3DE4C13219D2C260073C733 /* DDPlayer_Icon_coverPlay@3x.png */,
				E3DE4C0E219D21620073C733 /* DDPlayer_Btn_flowAlert@2x.png */,
				E3DE4C0F219D21620073C733 /* DDPlayer_Btn_flowAlert@3x.png */,
				E35817BC219C1AA900BD3282 /* DDPlayer_Btn_CaptureShare@2x.png */,
				E35817BD219C1AA900BD3282 /* DDPlayer_Btn_CaptureShare@3x.png */,
				E3B5D8C3219AB75D00F9FC1D /* DDPlayer_Gif_Loading@2x.gif */,
				E3B5D8BE219AAF1C00F9FC1D /* DDPlayer_Btn_captureVideo@2x.png */,
				E3B5D8BD219AAF1C00F9FC1D /* DDPlayer_Btn_captureVideo@3x.png */,
				E3B5D8BB219AAF1C00F9FC1D /* DDPlayer_Btn_captureImage@2x.png */,
				E3B5D8BC219AAF1C00F9FC1D /* DDPlayer_Btn_captureImage@3x.png */,
				E3B5D8B7219A95F900F9FC1D /* DDPlayer_Btn_Unlock@2x.png */,
				E3B5D8B8219A95F900F9FC1D /* DDPlayer_Btn_Unlock@3x.png */,
				E38A464D219913B400944AC9 /* DDPlayer_Bg_Bright@2x.png */,
				E38A464E219913B400944AC9 /* DDPlayer_Bg_Bright@3x.png */,
				E38A46492199129300944AC9 /* DDPlayer_Img_Bright@2x.png */,
				E38A464A2199129300944AC9 /* DDPlayer_Img_Bright@3x.png */,
				E3AB597721955F3200CAEF38 /* DDPlayer_Bg_MaskBottom@2x.png */,
				E3AB597221955F3200CAEF38 /* DDPlayer_Bg_MaskBottom@3x.png */,
				E3AB597321955F3200CAEF38 /* DDPlayer_Bg_MaskTop@2x.png */,
				E3AB597921955F3200CAEF38 /* DDPlayer_Bg_MaskTop@3x.png */,
				E3AB596A21955F3100CAEF38 /* DDPlayer_Btn_Back@2x.png */,
				E3AB597D21955F3200CAEF38 /* DDPlayer_Btn_Back@3x.png */,
				E36F3BD121A2971600DE5F38 /* DDPlayer_Btn_LandSBottPause@2x.png */,
				E36F3BD021A2971600DE5F38 /* DDPlayer_Btn_LandSBottPause@3x.png */,
				E3AB597421955F3200CAEF38 /* DDPlayer_Btn_BottomPortraitPause@2x.png */,
				E3AB596C21955F3100CAEF38 /* DDPlayer_Btn_BottomPortraitPause@3x.png */,
				E36F3BCD21A296C800DE5F38 /* DDPlayer_Btn_LandSBottPlay@2x.png */,
				E36F3BCC21A296C800DE5F38 /* DDPlayer_Btn_LandSBottPlay@3x.png */,
				E3AB596821955F3100CAEF38 /* DDPlayer_Btn_BottomPortraitPlay@2x.png */,
				E3AB597121955F3200CAEF38 /* DDPlayer_Btn_BottomPortraitPlay@3x.png */,
				E3AB596F21955F3200CAEF38 /* DDPlayer_Btn_Capture@2x.png */,
				E3AB596721955F3100CAEF38 /* DDPlayer_Btn_Capture@3x.png */,
				E3AB597E21955F3200CAEF38 /* DDPlayer_Btn_CenterPause@2x.png */,
				E3AB596B21955F3100CAEF38 /* DDPlayer_Btn_CenterPause@3x.png */,
				E3AB597B21955F3200CAEF38 /* DDPlayer_Btn_CenterPlay@2x.png */,
				E3AB597A21955F3200CAEF38 /* DDPlayer_Btn_CenterPlay@3x.png */,
				E3AB597521955F3200CAEF38 /* DDPlayer_Btn_ForceOrientatedLandscape@2x.png */,
				E3AB596E21955F3200CAEF38 /* DDPlayer_Btn_ForceOrientatedLandscape@3x.png */,
				E3AB596D21955F3200CAEF38 /* DDPlayer_Btn_Forward@2x.png */,
				E3AB597821955F3200CAEF38 /* DDPlayer_Btn_Forward@3x.png */,
				E3AB597021955F3200CAEF38 /* DDPlayer_Btn_Lock@2x.png */,
				E3AB597621955F3200CAEF38 /* DDPlayer_Btn_Lock@3x.png */,
				E3AB596921955F3100CAEF38 /* DDPlayer_Icon_ProgressThumb_sel@2x.png */,
				E3AB597C21955F3200CAEF38 /* DDPlayer_Icon_ProgressThumb_sel@3x.png */,
				E3AB598021955F3300CAEF38 /* DDPlayer_Icon_ProgressThumb@2x.png */,
				E3AB597F21955F3300CAEF38 /* DDPlayer_Icon_ProgressThumb@3x.png */,
			);
			path = Resource;
			sourceTree = "<group>";
		};
		E3AB593421955A6800CAEF38 /* ViewController */ = {
			isa = PBXGroup;
			children = (
				E3AB593821955A9000CAEF38 /* Common */,
				E3AB593F21955AD400CAEF38 /* DDVideoViewController.h */,
				E3AB594021955AD400CAEF38 /* DDVideoViewController.m */,
				E3AB596421955DF000CAEF38 /* DDVideoNormalViewController.h */,
				E3AB596521955DF000CAEF38 /* DDVideoNormalViewController.m */,
			);
			path = ViewController;
			sourceTree = "<group>";
		};
		E3AB593821955A9000CAEF38 /* Common */ = {
			isa = PBXGroup;
			children = (
				E3AB593C21955AC100CAEF38 /* DDBaseViewController.h */,
				E3AB593D21955AC100CAEF38 /* DDBaseViewController.m */,
				E3AB593521955A8900CAEF38 /* DDTabBarController.h */,
				E3AB593621955A8900CAEF38 /* DDTabBarController.m */,
				E3AB593921955AA100CAEF38 /* DDNavigationController.h */,
				E3AB593A21955AA100CAEF38 /* DDNavigationController.m */,
			);
			path = Common;
			sourceTree = "<group>";
		};
		E3AB596321955DAC00CAEF38 /* ControlView */ = {
			isa = PBXGroup;
			children = (
				E3AB595221955DA100CAEF38 /* DDPlayerControlView.h */,
				E3AB595321955DA100CAEF38 /* DDPlayerControlView.m */,
				E3AB595821955DA100CAEF38 /* DDPlayerComponentBaseView.h */,
				E3AB595721955DA100CAEF38 /* DDPlayerComponentBaseView.m */,
				E3AB595621955DA100CAEF38 /* DDPlayerControlBottomBaseView.h */,
				E3AB595121955DA100CAEF38 /* DDPlayerControlBottomBaseView.m */,
				E3AB595C21955DA100CAEF38 /* DDPlayerControlBottomLandscapeView.h */,
				E3AB595A21955DA100CAEF38 /* DDPlayerControlBottomLandscapeView.m */,
				E3AB595B21955DA100CAEF38 /* DDPlayerControlBottomPortraitView.h */,
				E3AB595921955DA100CAEF38 /* DDPlayerControlBottomPortraitView.m */,
				E3AB595521955DA100CAEF38 /* DDPlayerControlTopView.h */,
				E3AB595421955DA100CAEF38 /* DDPlayerControlTopView.m */,
			);
			path = ControlView;
			sourceTree = "<group>";
		};
		E3AB599F21957A2400CAEF38 /* 封面 */ = {
			isa = PBXGroup;
			children = (
				E3AB59A021957A3700CAEF38 /* DDPlayerCoverView.h */,
				E3AB59A121957A3700CAEF38 /* DDPlayerCoverView.m */,
			);
			path = "封面";
			sourceTree = "<group>";
		};
		E3B5D95F219AC8A700F9FC1D /* ContentView */ = {
			isa = PBXGroup;
			children = (
				E3B5D960219AC90000F9FC1D /* DDPlayerContainerView.h */,
				E3B5D961219AC90000F9FC1D /* DDPlayerContainerView.m */,
			);
			path = ContentView;
			sourceTree = "<group>";
		};
		E3BCD010219E4FB000455201 /* DDPlayerView */ = {
			isa = PBXGroup;
			children = (
				E3AB594821955C8D00CAEF38 /* DDPlayerView.h */,
				E3AB594721955C8D00CAEF38 /* DDPlayerView.m */,
				E3AB599E2195754600CAEF38 /* DDPlayerViewDelegate.h */,
				E316C4FF219D69BD0098194A /* DDPlayerView+Private.h */,
				E316C500219D69BD0098194A /* DDPlayerView+Private.m */,
				E316C4FC219D68CF0098194A /* DDPlayerView+ShowSubView.h */,
				E316C4FD219D68CF0098194A /* DDPlayerView+ShowSubView.m */,
				E316C502219D6F250098194A /* DDPlayerContentView.h */,
				E316C503219D6F250098194A /* DDPlayerContentView.m */,
			);
			path = DDPlayerView;
			sourceTree = "<group>";
		};
		E3DE4C0A219D1EF10073C733 /* 网络监控提示图 */ = {
			isa = PBXGroup;
			children = (
				E3DE4C0B219D1F490073C733 /* DDNetworkWWANWarnView.h */,
				E3DE4C0C219D1F490073C733 /* DDNetworkWWANWarnView.m */,
				E3DE4C16219D5B180073C733 /* DDNetworkErrorView.h */,
				E3DE4C17219D5B180073C733 /* DDNetworkErrorView.m */,
			);
			path = "网络监控提示图";
			sourceTree = "<group>";
		};
/* End PBXGroup section */

/* Begin PBXNativeTarget section */
		E3AB58F62195596200CAEF38 /* DDPlayerProject */ = {
			isa = PBXNativeTarget;
			buildConfigurationList = E3AB59232195596400CAEF38 /* Build configuration list for PBXNativeTarget "DDPlayerProject" */;
			buildPhases = (
				9BFEA60F7A8F93968FA7B1AE /* [CP] Check Pods Manifest.lock */,
				E3AB58F32195596200CAEF38 /* Sources */,
				E3AB58F42195596200CAEF38 /* Frameworks */,
				E3AB58F52195596200CAEF38 /* Resources */,
			);
			buildRules = (
			);
			dependencies = (
			);
			name = DDPlayerProject;
			productName = DDPlayerProject;
			productReference = E3AB58F72195596200CAEF38 /* DDPlayerProject.app */;
			productType = "com.apple.product-type.application";
		};
		E3AB590E2195596400CAEF38 /* DDPlayerProjectTests */ = {
			isa = PBXNativeTarget;
			buildConfigurationList = E3AB59262195596400CAEF38 /* Build configuration list for PBXNativeTarget "DDPlayerProjectTests" */;
			buildPhases = (
				A0BC536230E6BD30AA91A5F3 /* [CP] Check Pods Manifest.lock */,
				E3AB590B2195596400CAEF38 /* Sources */,
				E3AB590C2195596400CAEF38 /* Frameworks */,
				E3AB590D2195596400CAEF38 /* Resources */,
			);
			buildRules = (
			);
			dependencies = (
				E3AB59112195596400CAEF38 /* PBXTargetDependency */,
			);
			name = DDPlayerProjectTests;
			productName = DDPlayerProjectTests;
			productReference = E3AB590F2195596400CAEF38 /* DDPlayerProjectTests.xctest */;
			productType = "com.apple.product-type.bundle.unit-test";
		};
		E3AB59192195596400CAEF38 /* DDPlayerProjectUITests */ = {
			isa = PBXNativeTarget;
			buildConfigurationList = E3AB59292195596400CAEF38 /* Build configuration list for PBXNativeTarget "DDPlayerProjectUITests" */;
			buildPhases = (
				5CDF6379D6ED76EBCC5BE44A /* [CP] Check Pods Manifest.lock */,
				E3AB59162195596400CAEF38 /* Sources */,
				E3AB59172195596400CAEF38 /* Frameworks */,
				E3AB59182195596400CAEF38 /* Resources */,
			);
			buildRules = (
			);
			dependencies = (
				E3AB591C2195596400CAEF38 /* PBXTargetDependency */,
			);
			name = DDPlayerProjectUITests;
			productName = DDPlayerProjectUITests;
			productReference = E3AB591A2195596400CAEF38 /* DDPlayerProjectUITests.xctest */;
			productType = "com.apple.product-type.bundle.ui-testing";
		};
/* End PBXNativeTarget section */

/* Begin PBXProject section */
		E3AB58EF2195596200CAEF38 /* Project object */ = {
			isa = PBXProject;
			attributes = {
				LastUpgradeCheck = 1010;
				ORGANIZATIONNAME = wuqh;
				TargetAttributes = {
					E3AB58F62195596200CAEF38 = {
						CreatedOnToolsVersion = 10.1;
						SystemCapabilities = {
							com.apple.BackgroundModes = {
								enabled = 1;
							};
						};
					};
					E3AB590E2195596400CAEF38 = {
						CreatedOnToolsVersion = 10.1;
						TestTargetID = E3AB58F62195596200CAEF38;
					};
					E3AB59192195596400CAEF38 = {
						CreatedOnToolsVersion = 10.1;
						TestTargetID = E3AB58F62195596200CAEF38;
					};
				};
			};
			buildConfigurationList = E3AB58F22195596200CAEF38 /* Build configuration list for PBXProject "DDPlayerProject" */;
			compatibilityVersion = "Xcode 9.3";
			developmentRegion = en;
			hasScannedForEncodings = 0;
			knownRegions = (
				en,
				Base,
			);
			mainGroup = E3AB58EE2195596200CAEF38;
			productRefGroup = E3AB58F82195596200CAEF38 /* Products */;
			projectDirPath = "";
			projectRoot = "";
			targets = (
				E3AB58F62195596200CAEF38 /* DDPlayerProject */,
				E3AB590E2195596400CAEF38 /* DDPlayerProjectTests */,
				E3AB59192195596400CAEF38 /* DDPlayerProjectUITests */,
			);
		};
/* End PBXProject section */

/* Begin PBXResourcesBuildPhase section */
		E3AB58F52195596200CAEF38 /* Resources */ = {
			isa = PBXResourcesBuildPhase;
			buildActionMask = 2147483647;
			files = (
				E3AB599A21955F3300CAEF38 /* DDPlayer_Icon_ProgressThumb@2x.png in Resources */,
				E3B5D8C0219AAF1C00F9FC1D /* DDPlayer_Btn_captureImage@3x.png in Resources */,
				E36F3BE421A2AF5600DE5F38 /* DDPlayer_Btn_LandShare@2x.png in Resources */,
				E36F3BE321A2AF5600DE5F38 /* DDPlayer_Btn_LandShare@3x.png in Resources */,
				E36F3BCA21A293E600DE5F38 /* DDPlayer_Btn_Next@2x.png in Resources */,
				E3AB599321955F3300CAEF38 /* DDPlayer_Bg_MaskTop@3x.png in Resources */,
				E3DE4C20219D5E7C0073C733 /* DDPlayer_Btn_Retry@3x.png in Resources */,
				E3AB598121955F3300CAEF38 /* DDPlayer_Btn_Capture@3x.png in Resources */,
				E3AB599221955F3300CAEF38 /* DDPlayer_Btn_Forward@3x.png in Resources */,
				E3AB598421955F3300CAEF38 /* DDPlayer_Btn_Back@2x.png in Resources */,
				E35817B7219C061800BD3282 /* test.mp4 in Resources */,
				E3AB598B21955F3300CAEF38 /* DDPlayer_Btn_BottomPortraitPlay@3x.png in Resources */,
				E3AB598E21955F3300CAEF38 /* DDPlayer_Btn_BottomPortraitPause@2x.png in Resources */,
				E3DE4C11219D21620073C733 /* DDPlayer_Btn_flowAlert@3x.png in Resources */,
				E3AB598D21955F3300CAEF38 /* DDPlayer_Bg_MaskTop@2x.png in Resources */,
				E3B5D8BF219AAF1C00F9FC1D /* DDPlayer_Btn_captureImage@2x.png in Resources */,
				E36F3BD321A2971600DE5F38 /* DDPlayer_Btn_LandSBottPause@2x.png in Resources */,
				E3B5D8BA219A95F900F9FC1D /* DDPlayer_Btn_Unlock@3x.png in Resources */,
				E3DE4C10219D21620073C733 /* DDPlayer_Btn_flowAlert@2x.png in Resources */,
				E3AB598921955F3300CAEF38 /* DDPlayer_Btn_Capture@2x.png in Resources */,
				E3AB599621955F3300CAEF38 /* DDPlayer_Icon_ProgressThumb_sel@3x.png in Resources */,
				E3AB59072195596400CAEF38 /* LaunchScreen.storyboard in Resources */,
				E3AB598221955F3300CAEF38 /* DDPlayer_Btn_BottomPortraitPlay@2x.png in Resources */,
				E3AB599421955F3300CAEF38 /* DDPlayer_Btn_CenterPlay@3x.png in Resources */,
				E35817BF219C1AA900BD3282 /* DDPlayer_Btn_CaptureShare@3x.png in Resources */,
				E3AB598821955F3300CAEF38 /* DDPlayer_Btn_ForceOrientatedLandscape@3x.png in Resources */,
				E3AB598621955F3300CAEF38 /* DDPlayer_Btn_BottomPortraitPause@3x.png in Resources */,
				E36F3BCE21A296C900DE5F38 /* DDPlayer_Btn_LandSBottPlay@3x.png in Resources */,
				E3AB598521955F3300CAEF38 /* DDPlayer_Btn_CenterPause@3x.png in Resources */,
				E3AB599921955F3300CAEF38 /* DDPlayer_Icon_ProgressThumb@3x.png in Resources */,
				E3AB598321955F3300CAEF38 /* DDPlayer_Icon_ProgressThumb_sel@2x.png in Resources */,
				E36F3BCB21A293E600DE5F38 /* DDPlayer_Btn_Next@3x.png in Resources */,
				E36F3BCF21A296C900DE5F38 /* DDPlayer_Btn_LandSBottPlay@2x.png in Resources */,
				E35817BE219C1AA900BD3282 /* DDPlayer_Btn_CaptureShare@2x.png in Resources */,
				E3AB599021955F3300CAEF38 /* DDPlayer_Btn_Lock@3x.png in Resources */,
				E36F3BD221A2971600DE5F38 /* DDPlayer_Btn_LandSBottPause@3x.png in Resources */,
				E38A464F219913B400944AC9 /* DDPlayer_Bg_Bright@2x.png in Resources */,
				E3AB598A21955F3300CAEF38 /* DDPlayer_Btn_Lock@2x.png in Resources */,
				E3AB598721955F3300CAEF38 /* DDPlayer_Btn_Forward@2x.png in Resources */,
				E3DE4C1C219D5BC40073C733 /* DDPlayer_Img_NetFailIcon@2x.png in Resources */,
				E3AB599721955F3300CAEF38 /* DDPlayer_Btn_Back@3x.png in Resources */,
				E3AB598C21955F3300CAEF38 /* DDPlayer_Bg_MaskBottom@3x.png in Resources */,
				E38A464C2199129300944AC9 /* DDPlayer_Img_Bright@3x.png in Resources */,
				E3B5D8B9219A95F900F9FC1D /* DDPlayer_Btn_Unlock@2x.png in Resources */,
				E3AB599121955F3300CAEF38 /* DDPlayer_Bg_MaskBottom@2x.png in Resources */,
				E3B5D8C1219AAF1C00F9FC1D /* DDPlayer_Btn_captureVideo@3x.png in Resources */,
				E3DE4C1F219D5E7C0073C733 /* DDPlayer_Btn_Retry@2x.png in Resources */,
				E38A4650219913B400944AC9 /* DDPlayer_Bg_Bright@3x.png in Resources */,
				E3AB599821955F3300CAEF38 /* DDPlayer_Btn_CenterPause@2x.png in Resources */,
				E3AB59042195596400CAEF38 /* Assets.xcassets in Resources */,
				E3B5D8C2219AAF1C00F9FC1D /* DDPlayer_Btn_captureVideo@2x.png in Resources */,
				E3DE4C1B219D5BC40073C733 /* DDPlayer_Img_NetFailIcon@3x.png in Resources */,
				E38A464B2199129300944AC9 /* DDPlayer_Img_Bright@2x.png in Resources */,
				E3AB599521955F3300CAEF38 /* DDPlayer_Btn_CenterPlay@2x.png in Resources */,
				E3AB598F21955F3300CAEF38 /* DDPlayer_Btn_ForceOrientatedLandscape@2x.png in Resources */,
				E3DE4C14219D2C260073C733 /* DDPlayer_Icon_coverPlay@2x.png in Resources */,
				E3B5D8C4219AB75D00F9FC1D /* DDPlayer_Gif_Loading@2x.gif in Resources */,
				E3DE4C15219D2C260073C733 /* DDPlayer_Icon_coverPlay@3x.png in Resources */,
			);
			runOnlyForDeploymentPostprocessing = 0;
		};
		E3AB590D2195596400CAEF38 /* Resources */ = {
			isa = PBXResourcesBuildPhase;
			buildActionMask = 2147483647;
			files = (
			);
			runOnlyForDeploymentPostprocessing = 0;
		};
		E3AB59182195596400CAEF38 /* Resources */ = {
			isa = PBXResourcesBuildPhase;
			buildActionMask = 2147483647;
			files = (
			);
			runOnlyForDeploymentPostprocessing = 0;
		};
/* End PBXResourcesBuildPhase section */

/* Begin PBXShellScriptBuildPhase section */
		5CDF6379D6ED76EBCC5BE44A /* [CP] Check Pods Manifest.lock */ = {
			isa = PBXShellScriptBuildPhase;
			buildActionMask = 2147483647;
			files = (
			);
			inputPaths = (
				"${PODS_PODFILE_DIR_PATH}/Podfile.lock",
				"${PODS_ROOT}/Manifest.lock",
			);
			name = "[CP] Check Pods Manifest.lock";
			outputPaths = (
				"$(DERIVED_FILE_DIR)/Pods-DDPlayerProjectUITests-checkManifestLockResult.txt",
			);
			runOnlyForDeploymentPostprocessing = 0;
			shellPath = /bin/sh;
			shellScript = "diff \"${PODS_PODFILE_DIR_PATH}/Podfile.lock\" \"${PODS_ROOT}/Manifest.lock\" > /dev/null\nif [ $? != 0 ] ; then\n    # print error to STDERR\n    echo \"error: The sandbox is not in sync with the Podfile.lock. Run 'pod install' or update your CocoaPods installation.\" >&2\n    exit 1\nfi\n# This output is used by Xcode 'outputs' to avoid re-running this script phase.\necho \"SUCCESS\" > \"${SCRIPT_OUTPUT_FILE_0}\"\n";
			showEnvVarsInLog = 0;
		};
		9BFEA60F7A8F93968FA7B1AE /* [CP] Check Pods Manifest.lock */ = {
			isa = PBXShellScriptBuildPhase;
			buildActionMask = 2147483647;
			files = (
			);
			inputPaths = (
				"${PODS_PODFILE_DIR_PATH}/Podfile.lock",
				"${PODS_ROOT}/Manifest.lock",
			);
			name = "[CP] Check Pods Manifest.lock";
			outputPaths = (
				"$(DERIVED_FILE_DIR)/Pods-DDPlayerProject-checkManifestLockResult.txt",
			);
			runOnlyForDeploymentPostprocessing = 0;
			shellPath = /bin/sh;
			shellScript = "diff \"${PODS_PODFILE_DIR_PATH}/Podfile.lock\" \"${PODS_ROOT}/Manifest.lock\" > /dev/null\nif [ $? != 0 ] ; then\n    # print error to STDERR\n    echo \"error: The sandbox is not in sync with the Podfile.lock. Run 'pod install' or update your CocoaPods installation.\" >&2\n    exit 1\nfi\n# This output is used by Xcode 'outputs' to avoid re-running this script phase.\necho \"SUCCESS\" > \"${SCRIPT_OUTPUT_FILE_0}\"\n";
			showEnvVarsInLog = 0;
		};
		A0BC536230E6BD30AA91A5F3 /* [CP] Check Pods Manifest.lock */ = {
			isa = PBXShellScriptBuildPhase;
			buildActionMask = 2147483647;
			files = (
			);
			inputPaths = (
				"${PODS_PODFILE_DIR_PATH}/Podfile.lock",
				"${PODS_ROOT}/Manifest.lock",
			);
			name = "[CP] Check Pods Manifest.lock";
			outputPaths = (
				"$(DERIVED_FILE_DIR)/Pods-DDPlayerProjectTests-checkManifestLockResult.txt",
			);
			runOnlyForDeploymentPostprocessing = 0;
			shellPath = /bin/sh;
			shellScript = "diff \"${PODS_PODFILE_DIR_PATH}/Podfile.lock\" \"${PODS_ROOT}/Manifest.lock\" > /dev/null\nif [ $? != 0 ] ; then\n    # print error to STDERR\n    echo \"error: The sandbox is not in sync with the Podfile.lock. Run 'pod install' or update your CocoaPods installation.\" >&2\n    exit 1\nfi\n# This output is used by Xcode 'outputs' to avoid re-running this script phase.\necho \"SUCCESS\" > \"${SCRIPT_OUTPUT_FILE_0}\"\n";
			showEnvVarsInLog = 0;
		};
/* End PBXShellScriptBuildPhase section */

/* Begin PBXSourcesBuildPhase section */
		E3AB58F32195596200CAEF38 /* Sources */ = {
			isa = PBXSourcesBuildPhase;
			buildActionMask = 2147483647;
			files = (
				E3AB596121955DA100CAEF38 /* DDPlayerControlBottomPortraitView.m in Sources */,
				E3B5D962219AC90000F9FC1D /* DDPlayerContainerView.m in Sources */,
				E316C504219D6F250098194A /* DDPlayerContentView.m in Sources */,
				E3AB594121955AD400CAEF38 /* DDVideoViewController.m in Sources */,
				E3AB596621955DF000CAEF38 /* DDVideoNormalViewController.m in Sources */,
				E3AB59A221957A3700CAEF38 /* DDPlayerCoverView.m in Sources */,
				E3AB594921955C8E00CAEF38 /* DDPlayerView.m in Sources */,
				E3AB590A2195596400CAEF38 /* main.m in Sources */,
				E3AB596221955DA100CAEF38 /* DDPlayerControlBottomLandscapeView.m in Sources */,
				E3AB5933219559FF00CAEF38 /* DDPlayer.m in Sources */,
				E3AB595D21955DA100CAEF38 /* DDPlayerControlBottomBaseView.m in Sources */,
				E3DE4C0D219D1F490073C733 /* DDNetworkWWANWarnView.m in Sources */,
				E3AB595E21955DA100CAEF38 /* DDPlayerControlView.m in Sources */,
				E3AB596021955DA100CAEF38 /* DDPlayerComponentBaseView.m in Sources */,
				E35817B1219BBA0900BD3282 /* DDPlayerDragProgressLandscapeView.m in Sources */,
				E3AB595F21955DA100CAEF38 /* DDPlayerControlTopView.m in Sources */,
				E36F3BE821A2C88300DE5F38 /* DDPlayerClarityPromptLabel.m in Sources */,
				E35817BB219C194100BD3282 /* DDCaptureImageShareSmallView.m in Sources */,
				E35817AB219BB9D000BD3282 /* DDPlayerDragProgressBaseView.m in Sources */,
				E38A46482199120A00944AC9 /* DDBrightView.m in Sources */,
				E3AB593B21955AA100CAEF38 /* DDNavigationController.m in Sources */,
				E3AB599D2195731D00CAEF38 /* DDPlayerManager.m in Sources */,
				E36F931421A3E3D70097A094 /* DDTryWatchFinishView.m in Sources */,
				E36F3B0221A24EB800DE5F38 /* DDPlayerClarityChoiceView.m in Sources */,
				E316C4FE219D68CF0098194A /* DDPlayerView+ShowSubView.m in Sources */,
				E35817AE219BB9E400BD3282 /* DDPlayerDragProgressPortraitView.m in Sources */,
				E3AB593E21955AC100CAEF38 /* DDBaseViewController.m in Sources */,
				E316C501219D69BD0098194A /* DDPlayerView+Private.m in Sources */,
				E3AB595021955D3900CAEF38 /* DDPlayerTool.m in Sources */,
				E3AB58FC2195596200CAEF38 /* AppDelegate.m in Sources */,
				E3AB594C21955CB900CAEF38 /* DDPlayerLineModel.m in Sources */,
				E3BCD014219E5A1A00455201 /* DDKVOManager.m in Sources */,
				E3AB593721955A8900CAEF38 /* DDTabBarController.m in Sources */,
				E3DE4C18219D5B180073C733 /* DDNetworkErrorView.m in Sources */,
				E3DE4C06219D04DA0073C733 /* DDCaptureImageShareView.m in Sources */,
			);
			runOnlyForDeploymentPostprocessing = 0;
		};
		E3AB590B2195596400CAEF38 /* Sources */ = {
			isa = PBXSourcesBuildPhase;
			buildActionMask = 2147483647;
			files = (
				E3AB59142195596400CAEF38 /* DDPlayerProjectTests.m in Sources */,
			);
			runOnlyForDeploymentPostprocessing = 0;
		};
		E3AB59162195596400CAEF38 /* Sources */ = {
			isa = PBXSourcesBuildPhase;
			buildActionMask = 2147483647;
			files = (
				E3AB591F2195596400CAEF38 /* DDPlayerProjectUITests.m in Sources */,
			);
			runOnlyForDeploymentPostprocessing = 0;
		};
/* End PBXSourcesBuildPhase section */

/* Begin PBXTargetDependency section */
		E3AB59112195596400CAEF38 /* PBXTargetDependency */ = {
			isa = PBXTargetDependency;
			target = E3AB58F62195596200CAEF38 /* DDPlayerProject */;
			targetProxy = E3AB59102195596400CAEF38 /* PBXContainerItemProxy */;
		};
		E3AB591C2195596400CAEF38 /* PBXTargetDependency */ = {
			isa = PBXTargetDependency;
			target = E3AB58F62195596200CAEF38 /* DDPlayerProject */;
			targetProxy = E3AB591B2195596400CAEF38 /* PBXContainerItemProxy */;
		};
/* End PBXTargetDependency section */

/* Begin PBXVariantGroup section */
		E3AB59052195596400CAEF38 /* LaunchScreen.storyboard */ = {
			isa = PBXVariantGroup;
			children = (
				E3AB59062195596400CAEF38 /* Base */,
			);
			name = LaunchScreen.storyboard;
			sourceTree = "<group>";
		};
/* End PBXVariantGroup section */

/* Begin XCBuildConfiguration section */
		E3AB59212195596400CAEF38 /* Debug */ = {
			isa = XCBuildConfiguration;
			buildSettings = {
				ALWAYS_SEARCH_USER_PATHS = NO;
				CLANG_ANALYZER_NONNULL = YES;
				CLANG_ANALYZER_NUMBER_OBJECT_CONVERSION = YES_AGGRESSIVE;
				CLANG_CXX_LANGUAGE_STANDARD = "gnu++14";
				CLANG_CXX_LIBRARY = "libc++";
				CLANG_ENABLE_MODULES = YES;
				CLANG_ENABLE_OBJC_ARC = YES;
				CLANG_ENABLE_OBJC_WEAK = YES;
				CLANG_WARN_BLOCK_CAPTURE_AUTORELEASING = YES;
				CLANG_WARN_BOOL_CONVERSION = YES;
				CLANG_WARN_COMMA = YES;
				CLANG_WARN_CONSTANT_CONVERSION = YES;
				CLANG_WARN_DEPRECATED_OBJC_IMPLEMENTATIONS = YES;
				CLANG_WARN_DIRECT_OBJC_ISA_USAGE = YES_ERROR;
				CLANG_WARN_DOCUMENTATION_COMMENTS = YES;
				CLANG_WARN_EMPTY_BODY = YES;
				CLANG_WARN_ENUM_CONVERSION = YES;
				CLANG_WARN_INFINITE_RECURSION = YES;
				CLANG_WARN_INT_CONVERSION = YES;
				CLANG_WARN_NON_LITERAL_NULL_CONVERSION = YES;
				CLANG_WARN_OBJC_IMPLICIT_RETAIN_SELF = YES;
				CLANG_WARN_OBJC_LITERAL_CONVERSION = YES;
				CLANG_WARN_OBJC_ROOT_CLASS = YES_ERROR;
				CLANG_WARN_RANGE_LOOP_ANALYSIS = YES;
				CLANG_WARN_STRICT_PROTOTYPES = YES;
				CLANG_WARN_SUSPICIOUS_MOVE = YES;
				CLANG_WARN_UNGUARDED_AVAILABILITY = YES_AGGRESSIVE;
				CLANG_WARN_UNREACHABLE_CODE = YES;
				CLANG_WARN__DUPLICATE_METHOD_MATCH = YES;
				CODE_SIGN_IDENTITY = "iPhone Developer";
				COPY_PHASE_STRIP = NO;
				DEBUG_INFORMATION_FORMAT = dwarf;
				ENABLE_STRICT_OBJC_MSGSEND = YES;
				ENABLE_TESTABILITY = YES;
				GCC_C_LANGUAGE_STANDARD = gnu11;
				GCC_DYNAMIC_NO_PIC = NO;
				GCC_NO_COMMON_BLOCKS = YES;
				GCC_OPTIMIZATION_LEVEL = 0;
				GCC_PREPROCESSOR_DEFINITIONS = (
					"DEBUG=1",
					"$(inherited)",
				);
				GCC_WARN_64_TO_32_BIT_CONVERSION = YES;
				GCC_WARN_ABOUT_RETURN_TYPE = YES_ERROR;
				GCC_WARN_UNDECLARED_SELECTOR = YES;
				GCC_WARN_UNINITIALIZED_AUTOS = YES_AGGRESSIVE;
				GCC_WARN_UNUSED_FUNCTION = YES;
				GCC_WARN_UNUSED_VARIABLE = YES;
				IPHONEOS_DEPLOYMENT_TARGET = 12.1;
				MTL_ENABLE_DEBUG_INFO = INCLUDE_SOURCE;
				MTL_FAST_MATH = YES;
				ONLY_ACTIVE_ARCH = YES;
				SDKROOT = iphoneos;
			};
			name = Debug;
		};
		E3AB59222195596400CAEF38 /* Release */ = {
			isa = XCBuildConfiguration;
			buildSettings = {
				ALWAYS_SEARCH_USER_PATHS = NO;
				CLANG_ANALYZER_NONNULL = YES;
				CLANG_ANALYZER_NUMBER_OBJECT_CONVERSION = YES_AGGRESSIVE;
				CLANG_CXX_LANGUAGE_STANDARD = "gnu++14";
				CLANG_CXX_LIBRARY = "libc++";
				CLANG_ENABLE_MODULES = YES;
				CLANG_ENABLE_OBJC_ARC = YES;
				CLANG_ENABLE_OBJC_WEAK = YES;
				CLANG_WARN_BLOCK_CAPTURE_AUTORELEASING = YES;
				CLANG_WARN_BOOL_CONVERSION = YES;
				CLANG_WARN_COMMA = YES;
				CLANG_WARN_CONSTANT_CONVERSION = YES;
				CLANG_WARN_DEPRECATED_OBJC_IMPLEMENTATIONS = YES;
				CLANG_WARN_DIRECT_OBJC_ISA_USAGE = YES_ERROR;
				CLANG_WARN_DOCUMENTATION_COMMENTS = YES;
				CLANG_WARN_EMPTY_BODY = YES;
				CLANG_WARN_ENUM_CONVERSION = YES;
				CLANG_WARN_INFINITE_RECURSION = YES;
				CLANG_WARN_INT_CONVERSION = YES;
				CLANG_WARN_NON_LITERAL_NULL_CONVERSION = YES;
				CLANG_WARN_OBJC_IMPLICIT_RETAIN_SELF = YES;
				CLANG_WARN_OBJC_LITERAL_CONVERSION = YES;
				CLANG_WARN_OBJC_ROOT_CLASS = YES_ERROR;
				CLANG_WARN_RANGE_LOOP_ANALYSIS = YES;
				CLANG_WARN_STRICT_PROTOTYPES = YES;
				CLANG_WARN_SUSPICIOUS_MOVE = YES;
				CLANG_WARN_UNGUARDED_AVAILABILITY = YES_AGGRESSIVE;
				CLANG_WARN_UNREACHABLE_CODE = YES;
				CLANG_WARN__DUPLICATE_METHOD_MATCH = YES;
				CODE_SIGN_IDENTITY = "iPhone Developer";
				COPY_PHASE_STRIP = NO;
				DEBUG_INFORMATION_FORMAT = "dwarf-with-dsym";
				ENABLE_NS_ASSERTIONS = NO;
				ENABLE_STRICT_OBJC_MSGSEND = YES;
				GCC_C_LANGUAGE_STANDARD = gnu11;
				GCC_NO_COMMON_BLOCKS = YES;
				GCC_WARN_64_TO_32_BIT_CONVERSION = YES;
				GCC_WARN_ABOUT_RETURN_TYPE = YES_ERROR;
				GCC_WARN_UNDECLARED_SELECTOR = YES;
				GCC_WARN_UNINITIALIZED_AUTOS = YES_AGGRESSIVE;
				GCC_WARN_UNUSED_FUNCTION = YES;
				GCC_WARN_UNUSED_VARIABLE = YES;
				IPHONEOS_DEPLOYMENT_TARGET = 12.1;
				MTL_ENABLE_DEBUG_INFO = NO;
				MTL_FAST_MATH = YES;
				SDKROOT = iphoneos;
				VALIDATE_PRODUCT = YES;
			};
			name = Release;
		};
		E3AB59242195596400CAEF38 /* Debug */ = {
			isa = XCBuildConfiguration;
			baseConfigurationReference = 7BF951BC267A60F2A473254E /* Pods-DDPlayerProject.debug.xcconfig */;
			buildSettings = {
				ASSETCATALOG_COMPILER_APPICON_NAME = AppIcon;
				CODE_SIGN_IDENTITY = "iPhone Developer";
				CODE_SIGN_STYLE = Automatic;
				DEVELOPMENT_TEAM = P634LYA73P;
				GCC_PRECOMPILE_PREFIX_HEADER = YES;
				GCC_PREFIX_HEADER = DDPlayerProject/DDPlayerProject_PrefixHeader.pch;
				INFOPLIST_FILE = DDPlayerProject/Info.plist;
				IPHONEOS_DEPLOYMENT_TARGET = 9.0;
				LD_RUNPATH_SEARCH_PATHS = (
					"$(inherited)",
					"@executable_path/Frameworks",
				);
				PRODUCT_BUNDLE_IDENTIFIER = com.aries.DDPlayerProject;
				PRODUCT_NAME = "$(TARGET_NAME)";
				PROVISIONING_PROFILE_SPECIFIER = "";
				TARGETED_DEVICE_FAMILY = "1,2";
			};
			name = Debug;
		};
		E3AB59252195596400CAEF38 /* Release */ = {
			isa = XCBuildConfiguration;
			baseConfigurationReference = 848DBCAE4367F9EC0A98D045 /* Pods-DDPlayerProject.release.xcconfig */;
			buildSettings = {
				ASSETCATALOG_COMPILER_APPICON_NAME = AppIcon;
				CODE_SIGN_IDENTITY = "iPhone Developer";
				CODE_SIGN_STYLE = Automatic;
				DEVELOPMENT_TEAM = P634LYA73P;
				GCC_PRECOMPILE_PREFIX_HEADER = YES;
				INFOPLIST_FILE = DDPlayerProject/Info.plist;
				IPHONEOS_DEPLOYMENT_TARGET = 9.0;
				LD_RUNPATH_SEARCH_PATHS = (
					"$(inherited)",
					"@executable_path/Frameworks",
				);
				PRODUCT_BUNDLE_IDENTIFIER = com.aries.DDPlayerProject;
				PRODUCT_NAME = "$(TARGET_NAME)";
				PROVISIONING_PROFILE_SPECIFIER = "";
				TARGETED_DEVICE_FAMILY = "1,2";
			};
			name = Release;
		};
		E3AB59272195596400CAEF38 /* Debug */ = {
			isa = XCBuildConfiguration;
			baseConfigurationReference = F8E8F90204FFA6ED33907852 /* Pods-DDPlayerProjectTests.debug.xcconfig */;
			buildSettings = {
				BUNDLE_LOADER = "$(TEST_HOST)";
				CODE_SIGN_STYLE = Automatic;
				DEVELOPMENT_TEAM = 5E3A9G5UU5;
				INFOPLIST_FILE = DDPlayerProjectTests/Info.plist;
				LD_RUNPATH_SEARCH_PATHS = (
					"$(inherited)",
					"@executable_path/Frameworks",
					"@loader_path/Frameworks",
				);
				PRODUCT_BUNDLE_IDENTIFIER = com.wuqh.DDPlayerProjectTests;
				PRODUCT_NAME = "$(TARGET_NAME)";
				TARGETED_DEVICE_FAMILY = "1,2";
				TEST_HOST = "$(BUILT_PRODUCTS_DIR)/DDPlayerProject.app/DDPlayerProject";
			};
			name = Debug;
		};
		E3AB59282195596400CAEF38 /* Release */ = {
			isa = XCBuildConfiguration;
			baseConfigurationReference = 000A41C1CC86BEBDC59D1D17 /* Pods-DDPlayerProjectTests.release.xcconfig */;
			buildSettings = {
				BUNDLE_LOADER = "$(TEST_HOST)";
				CODE_SIGN_STYLE = Automatic;
				DEVELOPMENT_TEAM = 5E3A9G5UU5;
				INFOPLIST_FILE = DDPlayerProjectTests/Info.plist;
				LD_RUNPATH_SEARCH_PATHS = (
					"$(inherited)",
					"@executable_path/Frameworks",
					"@loader_path/Frameworks",
				);
				PRODUCT_BUNDLE_IDENTIFIER = com.wuqh.DDPlayerProjectTests;
				PRODUCT_NAME = "$(TARGET_NAME)";
				TARGETED_DEVICE_FAMILY = "1,2";
				TEST_HOST = "$(BUILT_PRODUCTS_DIR)/DDPlayerProject.app/DDPlayerProject";
			};
			name = Release;
		};
		E3AB592A2195596400CAEF38 /* Debug */ = {
			isa = XCBuildConfiguration;
			baseConfigurationReference = B138672EA12CC87AE428959E /* Pods-DDPlayerProjectUITests.debug.xcconfig */;
			buildSettings = {
				CODE_SIGN_STYLE = Automatic;
				DEVELOPMENT_TEAM = 5E3A9G5UU5;
				INFOPLIST_FILE = DDPlayerProjectUITests/Info.plist;
				LD_RUNPATH_SEARCH_PATHS = (
					"$(inherited)",
					"@executable_path/Frameworks",
					"@loader_path/Frameworks",
				);
				PRODUCT_BUNDLE_IDENTIFIER = com.wuqh.DDPlayerProjectUITests;
				PRODUCT_NAME = "$(TARGET_NAME)";
				TARGETED_DEVICE_FAMILY = "1,2";
				TEST_TARGET_NAME = DDPlayerProject;
			};
			name = Debug;
		};
		E3AB592B2195596400CAEF38 /* Release */ = {
			isa = XCBuildConfiguration;
			baseConfigurationReference = 82D475FF0ECE600EFE14621A /* Pods-DDPlayerProjectUITests.release.xcconfig */;
			buildSettings = {
				CODE_SIGN_STYLE = Automatic;
				DEVELOPMENT_TEAM = 5E3A9G5UU5;
				INFOPLIST_FILE = DDPlayerProjectUITests/Info.plist;
				LD_RUNPATH_SEARCH_PATHS = (
					"$(inherited)",
					"@executable_path/Frameworks",
					"@loader_path/Frameworks",
				);
				PRODUCT_BUNDLE_IDENTIFIER = com.wuqh.DDPlayerProjectUITests;
				PRODUCT_NAME = "$(TARGET_NAME)";
				TARGETED_DEVICE_FAMILY = "1,2";
				TEST_TARGET_NAME = DDPlayerProject;
			};
			name = Release;
		};
/* End XCBuildConfiguration section */

/* Begin XCConfigurationList section */
		E3AB58F22195596200CAEF38 /* Build configuration list for PBXProject "DDPlayerProject" */ = {
			isa = XCConfigurationList;
			buildConfigurations = (
				E3AB59212195596400CAEF38 /* Debug */,
				E3AB59222195596400CAEF38 /* Release */,
			);
			defaultConfigurationIsVisible = 0;
			defaultConfigurationName = Release;
		};
		E3AB59232195596400CAEF38 /* Build configuration list for PBXNativeTarget "DDPlayerProject" */ = {
			isa = XCConfigurationList;
			buildConfigurations = (
				E3AB59242195596400CAEF38 /* Debug */,
				E3AB59252195596400CAEF38 /* Release */,
			);
			defaultConfigurationIsVisible = 0;
			defaultConfigurationName = Release;
		};
		E3AB59262195596400CAEF38 /* Build configuration list for PBXNativeTarget "DDPlayerProjectTests" */ = {
			isa = XCConfigurationList;
			buildConfigurations = (
				E3AB59272195596400CAEF38 /* Debug */,
				E3AB59282195596400CAEF38 /* Release */,
			);
			defaultConfigurationIsVisible = 0;
			defaultConfigurationName = Release;
		};
		E3AB59292195596400CAEF38 /* Build configuration list for PBXNativeTarget "DDPlayerProjectUITests" */ = {
			isa = XCConfigurationList;
			buildConfigurations = (
				E3AB592A2195596400CAEF38 /* Debug */,
				E3AB592B2195596400CAEF38 /* Release */,
			);
			defaultConfigurationIsVisible = 0;
			defaultConfigurationName = Release;
		};
/* End XCConfigurationList section */
	};
	rootObject = E3AB58EF2195596200CAEF38 /* Project object */;
}
